// !$*UTF8*$!
{
	archiveVersion = 1;
	classes = {
	};
	objectVersion = 50;
	objects = {

/* Begin PBXBuildFile section */
		D9B2C41D2356B9A3006C4278 /* AppDelegate.swift in Sources */ = {isa = PBXBuildFile; fileRef = D9B2C41C2356B9A3006C4278 /* AppDelegate.swift */; };
		D9B2C41F2356B9A3006C4278 /* ViewController.swift in Sources */ = {isa = PBXBuildFile; fileRef = D9B2C41E2356B9A3006C4278 /* ViewController.swift */; };
		D9B2C4222356B9A3006C4278 /* Main.storyboard in Resources */ = {isa = PBXBuildFile; fileRef = D9B2C4202356B9A3006C4278 /* Main.storyboard */; };
		D9B2C4242356B9A5006C4278 /* Assets.xcassets in Resources */ = {isa = PBXBuildFile; fileRef = D9B2C4232356B9A5006C4278 /* Assets.xcassets */; };
		D9B2C4272356B9A5006C4278 /* LaunchScreen.storyboard in Resources */ = {isa = PBXBuildFile; fileRef = D9B2C4252356B9A5006C4278 /* LaunchScreen.storyboard */; };
		D9B2C4322356B9A5006C4278 /* appleTests.swift in Sources */ = {isa = PBXBuildFile; fileRef = D9B2C4312356B9A5006C4278 /* appleTests.swift */; };
		D9B2C43D2356B9A5006C4278 /* appleUITests.swift in Sources */ = {isa = PBXBuildFile; fileRef = D9B2C43C2356B9A5006C4278 /* appleUITests.swift */; };
		D9B2C44B2356BF71006C4278 /* 1.swift in Sources */ = {isa = PBXBuildFile; fileRef = D9B2C44A2356BF71006C4278 /* 1.swift */; };
		D9B2C44D2356BF9B006C4278 /* dice2@3x.png in Resources */ = {isa = PBXBuildFile; fileRef = D9B2C44C2356BF9B006C4278 /* dice2@3x.png */; };
/* End PBXBuildFile section */

/* Begin PBXContainerItemProxy section */
		D9B2C42E2356B9A5006C4278 /* PBXContainerItemProxy */ = {
			isa = PBXContainerItemProxy;
			containerPortal = D9B2C4112356B9A2006C4278 /* Project object */;
			proxyType = 1;
			remoteGlobalIDString = D9B2C4182356B9A3006C4278;
			remoteInfo = apple;
		};
		D9B2C4392356B9A5006C4278 /* PBXContainerItemProxy */ = {
			isa = PBXContainerItemProxy;
			containerPortal = D9B2C4112356B9A2006C4278 /* Project object */;
			proxyType = 1;
			remoteGlobalIDString = D9B2C4182356B9A3006C4278;
			remoteInfo = apple;
		};
/* End PBXContainerItemProxy section */

/* Begin PBXFileReference section */
		D9B2C4192356B9A3006C4278 /* apple.app */ = {isa = PBXFileReference; explicitFileType = wrapper.application; includeInIndex = 0; path = apple.app; sourceTree = BUILT_PRODUCTS_DIR; };
		D9B2C41C2356B9A3006C4278 /* AppDelegate.swift */ = {isa = PBXFileReference; lastKnownFileType = sourcecode.swift; path = AppDelegate.swift; sourceTree = "<group>"; };
		D9B2C41E2356B9A3006C4278 /* ViewController.swift */ = {isa = PBXFileReference; lastKnownFileType = sourcecode.swift; path = ViewController.swift; sourceTree = "<group>"; };
		D9B2C4212356B9A3006C4278 /* Base */ = {isa = PBXFileReference; lastKnownFileType = file.storyboard; name = Base; path = Base.lproj/Main.storyboard; sourceTree = "<group>"; };
		D9B2C4232356B9A5006C4278 /* Assets.xcassets */ = {isa = PBXFileReference; lastKnownFileType = folder.assetcatalog; path = Assets.xcassets; sourceTree = "<group>"; };
		D9B2C4262356B9A5006C4278 /* Base */ = {isa = PBXFileReference; lastKnownFileType = file.storyboard; name = Base; path = Base.lproj/LaunchScreen.storyboard; sourceTree = "<group>"; };
		D9B2C4282356B9A5006C4278 /* Info.plist */ = {isa = PBXFileReference; lastKnownFileType = text.plist.xml; path = Info.plist; sourceTree = "<group>"; };
		D9B2C42D2356B9A5006C4278 /* appleTests.xctest */ = {isa = PBXFileReference; explicitFileType = wrapper.cfbundle; includeInIndex = 0; path = appleTests.xctest; sourceTree = BUILT_PRODUCTS_DIR; };
		D9B2C4312356B9A5006C4278 /* appleTests.swift */ = {isa = PBXFileReference; lastKnownFileType = sourcecode.swift; path = appleTests.swift; sourceTree = "<group>"; };
		D9B2C4332356B9A5006C4278 /* Info.plist */ = {isa = PBXFileReference; lastKnownFileType = text.plist.xml; path = Info.plist; sourceTree = "<group>"; };
		D9B2C4382356B9A5006C4278 /* appleUITests.xctest */ = {isa = PBXFileReference; explicitFileType = wrapper.cfbundle; includeInIndex = 0; path = appleUITests.xctest; sourceTree = BUILT_PRODUCTS_DIR; };
		D9B2C43C2356B9A5006C4278 /* appleUITests.swift */ = {isa = PBXFileReference; lastKnownFileType = sourcecode.swift; path = appleUITests.swift; sourceTree = "<group>"; };
		D9B2C43E2356B9A5006C4278 /* Info.plist */ = {isa = PBXFileReference; lastKnownFileType = text.plist.xml; path = Info.plist; sourceTree = "<group>"; };
		D9B2C44A2356BF71006C4278 /* 1.swift */ = {isa = PBXFileReference; lastKnownFileType = sourcecode.swift; path = 1.swift; sourceTree = "<group>"; };
		D9B2C44C2356BF9B006C4278 /* dice2@3x.png */ = {isa = PBXFileReference; lastKnownFileType = image.png; name = "dice2@3x.png"; path = "../../Downloads/Dicee Image Assets/dice2@3x.png"; sourceTree = "<group>"; };
/* End PBXFileReference section */

/* Begin PBXFrameworksBuildPhase section */
		D9B2C4162356B9A3006C4278 /* Frameworks */ = {
			isa = PBXFrameworksBuildPhase;
			buildActionMask = 2147483647;
			files = (
			);
			runOnlyForDeploymentPostprocessing = 0;
		};
		D9B2C42A2356B9A5006C4278 /* Frameworks */ = {
			isa = PBXFrameworksBuildPhase;
			buildActionMask = 2147483647;
			files = (
			);
			runOnlyForDeploymentPostprocessing = 0;
		};
		D9B2C4352356B9A5006C4278 /* Frameworks */ = {
			isa = PBXFrameworksBuildPhase;
			buildActionMask = 2147483647;
			files = (
			);
			runOnlyForDeploymentPostprocessing = 0;
		};
/* End PBXFrameworksBuildPhase section */

/* Begin PBXGroup section */
		D9B2C4102356B9A2006C4278 = {
			isa = PBXGroup;
			children = (
				D9B2C41B2356B9A3006C4278 /* apple */,
				D9B2C4302356B9A5006C4278 /* appleTests */,
				D9B2C43B2356B9A5006C4278 /* appleUITests */,
				D9B2C41A2356B9A3006C4278 /* Products */,
				D9B2C44A2356BF71006C4278 /* 1.swift */,
				D9B2C44C2356BF9B006C4278 /* dice2@3x.png */,
			);
			sourceTree = "<group>";
		};
		D9B2C41A2356B9A3006C4278 /* Products */ = {
			isa = PBXGroup;
			children = (
				D9B2C4192356B9A3006C4278 /* apple.app */,
				D9B2C42D2356B9A5006C4278 /* appleTests.xctest */,
				D9B2C4382356B9A5006C4278 /* appleUITests.xctest */,
			);
			name = Products;
			sourceTree = "<group>";
		};
		D9B2C41B2356B9A3006C4278 /* apple */ = {
			isa = PBXGroup;
			children = (
				D9B2C41C2356B9A3006C4278 /* AppDelegate.swift */,
				D9B2C41E2356B9A3006C4278 /* ViewController.swift */,
				D9B2C4202356B9A3006C4278 /* Main.storyboard */,
				D9B2C4232356B9A5006C4278 /* Assets.xcassets */,
				D9B2C4252356B9A5006C4278 /* LaunchScreen.storyboard */,
				D9B2C4282356B9A5006C4278 /* Info.plist */,
			);
			path = apple;
			sourceTree = "<group>";
		};
		D9B2C4302356B9A5006C4278 /* appleTests */ = {
			isa = PBXGroup;
			children = (
				D9B2C4312356B9A5006C4278 /* appleTests.swift */,
				D9B2C4332356B9A5006C4278 /* Info.plist */,
			);
			path = appleTests;
			sourceTree = "<group>";
		};
		D9B2C43B2356B9A5006C4278 /* appleUITests */ = {
			isa = PBXGroup;
			children = (
				D9B2C43C2356B9A5006C4278 /* appleUITests.swift */,
				D9B2C43E2356B9A5006C4278 /* Info.plist */,
			);
			path = appleUITests;
			sourceTree = "<group>";
		};
/* End PBXGroup section */

/* Begin PBXNativeTarget section */
		D9B2C4182356B9A3006C4278 /* apple */ = {
			isa = PBXNativeTarget;
			buildConfigurationList = D9B2C4412356B9A5006C4278 /* Build configuration list for PBXNativeTarget "apple" */;
			buildPhases = (
				D9B2C4152356B9A3006C4278 /* Sources */,
				D9B2C4162356B9A3006C4278 /* Frameworks */,
				D9B2C4172356B9A3006C4278 /* Resources */,
			);
			buildRules = (
			);
			dependencies = (
			);
			name = apple;
			productName = apple;
			productReference = D9B2C4192356B9A3006C4278 /* apple.app */;
			productType = "com.apple.product-type.application";
		};
		D9B2C42C2356B9A5006C4278 /* appleTests */ = {
			isa = PBXNativeTarget;
			buildConfigurationList = D9B2C4442356B9A5006C4278 /* Build configuration list for PBXNativeTarget "appleTests" */;
			buildPhases = (
				D9B2C4292356B9A5006C4278 /* Sources */,
				D9B2C42A2356B9A5006C4278 /* Frameworks */,
				D9B2C42B2356B9A5006C4278 /* Resources */,
			);
			buildRules = (
			);
			dependencies = (
				D9B2C42F2356B9A5006C4278 /* PBXTargetDependency */,
			);
			name = appleTests;
			productName = appleTests;
			productReference = D9B2C42D2356B9A5006C4278 /* appleTests.xctest */;
			productType = "com.apple.product-type.bundle.unit-test";
		};
		D9B2C4372356B9A5006C4278 /* appleUITests */ = {
			isa = PBXNativeTarget;
			buildConfigurationList = D9B2C4472356B9A5006C4278 /* Build configuration list for PBXNativeTarget "appleUITests" */;
			buildPhases = (
				D9B2C4342356B9A5006C4278 /* Sources */,
				D9B2C4352356B9A5006C4278 /* Frameworks */,
				D9B2C4362356B9A5006C4278 /* Resources */,
			);
			buildRules = (
			);
			dependencies = (
				D9B2C43A2356B9A5006C4278 /* PBXTargetDependency */,
			);
			name = appleUITests;
			productName = appleUITests;
			productReference = D9B2C4382356B9A5006C4278 /* appleUITests.xctest */;
			productType = "com.apple.product-type.bundle.ui-testing";
		};
/* End PBXNativeTarget section */

/* Begin PBXProject section */
		D9B2C4112356B9A2006C4278 /* Project object */ = {
			isa = PBXProject;
			attributes = {
				LastSwiftUpdateCheck = 1010;
				LastUpgradeCheck = 1010;
				ORGANIZATIONNAME = s20181105306;
				TargetAttributes = {
					D9B2C4182356B9A3006C4278 = {
						CreatedOnToolsVersion = 10.1;
					};
					D9B2C42C2356B9A5006C4278 = {
						CreatedOnToolsVersion = 10.1;
						TestTargetID = D9B2C4182356B9A3006C4278;
					};
					D9B2C4372356B9A5006C4278 = {
						CreatedOnToolsVersion = 10.1;
						TestTargetID = D9B2C4182356B9A3006C4278;
					};
				};
			};
			buildConfigurationList = D9B2C4142356B9A2006C4278 /* Build configuration list for PBXProject "apple" */;
			compatibilityVersion = "Xcode 9.3";
			developmentRegion = en;
			hasScannedForEncodings = 0;
			knownRegions = (
				en,
				Base,
			);
			mainGroup = D9B2C4102356B9A2006C4278;
			productRefGroup = D9B2C41A2356B9A3006C4278 /* Products */;
			projectDirPath = "";
			projectRoot = "";
			targets = (
				D9B2C4182356B9A3006C4278 /* apple */,
				D9B2C42C2356B9A5006C4278 /* appleTests */,
				D9B2C4372356B9A5006C4278 /* appleUITests */,
			);
		};
/* End PBXProject section */

/* Begin PBXResourcesBuildPhase section */
		D9B2C4172356B9A3006C4278 /* Resources */ = {
			isa = PBXResourcesBuildPhase;
			buildActionMask = 2147483647;
			files = (
				D9B2C4272356B9A5006C4278 /* LaunchScreen.storyboard in Resources */,
				D9B2C44D2356BF9B006C4278 /* dice2@3x.png in Resources */,
				D9B2C4242356B9A5006C4278 /* Assets.xcassets in Resources */,
				D9B2C4222356B9A3006C4278 /* Main.storyboard in Resources */,
			);
			runOnlyForDeploymentPostprocessing = 0;
		};
		D9B2C42B2356B9A5006C4278 /* Resources */ = {
			isa = PBXResourcesBuildPhase;
			buildActionMask = 2147483647;
			files = (
			);
			runOnlyForDeploymentPostprocessing = 0;
		};
		D9B2C4362356B9A5006C4278 /* Resources */ = {
			isa = PBXResourcesBuildPhase;
			buildActionMask = 2147483647;
			files = (
			);
			runOnlyForDeploymentPostprocessing = 0;
		};
/* End PBXResourcesBuildPhase section */

/* Begin PBXSourcesBuildPhase section */
		D9B2C4152356B9A3006C4278 /* Sources */ = {
			isa = PBXSourcesBuildPhase;
			buildActionMask = 2147483647;
			files = (
				D9B2C44B2356BF71006C4278 /* 1.swift in Sources */,
				D9B2C41F2356B9A3006C4278 /* ViewController.swift in Sources */,
				D9B2C41D2356B9A3006C4278 /* AppDelegate.swift in Sources */,
			);
			runOnlyForDeploymentPostprocessing = 0;
		};
		D9B2C4292356B9A5006C4278 /* Sources */ = {
			isa = PBXSourcesBuildPhase;
			buildActionMask = 2147483647;
			files = (
				D9B2C4322356B9A5006C4278 /* appleTests.swift in Sources */,
			);
			runOnlyForDeploymentPostprocessing = 0;
		};
		D9B2C4342356B9A5006C4278 /* Sources */ = {
			isa = PBXSourcesBuildPhase;
			buildActionMask = 2147483647;
			files = (
				D9B2C43D2356B9A5006C4278 /* appleUITests.swift in Sources */,
			);
			runOnlyForDeploymentPostprocessing = 0;
		};
/* End PBXSourcesBuildPhase section */

/* Begin PBXTargetDependency section */
		D9B2C42F2356B9A5006C4278 /* PBXTargetDependency */ = {
			isa = PBXTargetDependency;
			target = D9B2C4182356B9A3006C4278 /* apple */;
			targetProxy = D9B2C42E2356B9A5006C4278 /* PBXContainerItemProxy */;
		};
		D9B2C43A2356B9A5006C4278 /* PBXTargetDependency */ = {
			isa = PBXTargetDependency;
			target = D9B2C4182356B9A3006C4278 /* apple */;
			targetProxy = D9B2C4392356B9A5006C4278 /* PBXContainerItemProxy */;
		};
/* End PBXTargetDependency section */

/* Begin PBXVariantGroup section */
		D9B2C4202356B9A3006C4278 /* Main.storyboard */ = {
			isa = PBXVariantGroup;
			children = (
				D9B2C4212356B9A3006C4278 /* Base */,
			);
			name = Main.storyboard;
			sourceTree = "<group>";
		};
		D9B2C4252356B9A5006C4278 /* LaunchScreen.storyboard */ = {
			isa = PBXVariantGroup;
			children = (
				D9B2C4262356B9A5006C4278 /* Base */,
			);
			name = LaunchScreen.storyboard;
			sourceTree = "<group>";
		};
/* End PBXVariantGroup section */

/* Begin XCBuildConfiguration section */
		D9B2C43F2356B9A5006C4278 /* Debug */ = {
			isa = XCBuildConfiguration;
			buildSettings = {
				ALWAYS_SEARCH_USER_PATHS = NO;
				CLANG_ANALYZER_NONNULL = YES;
				CLANG_ANALYZER_NUMBER_OBJECT_CONVERSION = YES_AGGRESSIVE;
				CLANG_CXX_LANGUAGE_STANDARD = "gnu++14";
				CLANG_CXX_LIBRARY = "libc++";
				CLANG_ENABLE_MODULES = YES;
				CLANG_ENABLE_OBJC_ARC = YES;
				CLANG_ENABLE_OBJC_WEAK = YES;
				CLANG_WARN_BLOCK_CAPTURE_AUTORELEASING = YES;
				CLANG_WARN_BOOL_CONVERSION = YES;
				CLANG_WARN_COMMA = YES;
				CLANG_WARN_CONSTANT_CONVERSION = YES;
				CLANG_WARN_DEPRECATED_OBJC_IMPLEMENTATIONS = YES;
				CLANG_WARN_DIRECT_OBJC_ISA_USAGE = YES_ERROR;
				CLANG_WARN_DOCUMENTATION_COMMENTS = YES;
				CLANG_WARN_EMPTY_BODY = YES;
				CLANG_WARN_ENUM_CONVERSION = YES;
				CLANG_WARN_INFINITE_RECURSION = YES;
				CLANG_WARN_INT_CONVERSION = YES;
				CLANG_WARN_NON_LITERAL_NULL_CONVERSION = YES;
				CLANG_WARN_OBJC_IMPLICIT_RETAIN_SELF = YES;
				CLANG_WARN_OBJC_LITERAL_CONVERSION = YES;
				CLANG_WARN_OBJC_ROOT_CLASS = YES_ERROR;
				CLANG_WARN_RANGE_LOOP_ANALYSIS = YES;
				CLANG_WARN_STRICT_PROTOTYPES = YES;
				CLANG_WARN_SUSPICIOUS_MOVE = YES;
				CLANG_WARN_UNGUARDED_AVAILABILITY = YES_AGGRESSIVE;
				CLANG_WARN_UNREACHABLE_CODE = YES;
				CLANG_WARN__DUPLICATE_METHOD_MATCH = YES;
				CODE_SIGN_IDENTITY = "iPhone Developer";
				COPY_PHASE_STRIP = NO;
				DEBUG_INFORMATION_FORMAT = dwarf;
				ENABLE_STRICT_OBJC_MSGSEND = YES;
				ENABLE_TESTABILITY = YES;
				GCC_C_LANGUAGE_STANDARD = gnu11;
				GCC_DYNAMIC_NO_PIC = NO;
				GCC_NO_COMMON_BLOCKS = YES;
				GCC_OPTIMIZATION_LEVEL = 0;
				GCC_PREPROCESSOR_DEFINITIONS = (
					"DEBUG=1",
					"$(inherited)",
				);
				GCC_WARN_64_TO_32_BIT_CONVERSION = YES;
				GCC_WARN_ABOUT_RETURN_TYPE = YES_ERROR;
				GCC_WARN_UNDECLARED_SELECTOR = YES;
				GCC_WARN_UNINITIALIZED_AUTOS = YES_AGGRESSIVE;
				GCC_WARN_UNUSED_FUNCTION = YES;
				GCC_WARN_UNUSED_VARIABLE = YES;
				IPHONEOS_DEPLOYMENT_TARGET = 12.1;
				MTL_ENABLE_DEBUG_INFO = INCLUDE_SOURCE;
				MTL_FAST_MATH = YES;
				ONLY_ACTIVE_ARCH = YES;
				SDKROOT = iphoneos;
				SWIFT_ACTIVE_COMPILATION_CONDITIONS = DEBUG;
				SWIFT_OPTIMIZATION_LEVEL = "-Onone";
			};
			name = Debug;
		};
		D9B2C4402356B9A5006C4278 /* Release */ = {
			isa = XCBuildConfiguration;
			buildSettings = {
				ALWAYS_SEARCH_USER_PATHS = NO;
				CLANG_ANALYZER_NONNULL = YES;
				CLANG_ANALYZER_NUMBER_OBJECT_CONVERSION = YES_AGGRESSIVE;
				CLANG_CXX_LANGUAGE_STANDARD = "gnu++14";
				CLANG_CXX_LIBRARY = "libc++";
				CLANG_ENABLE_MODULES = YES;
				CLANG_ENABLE_OBJC_ARC = YES;
				CLANG_ENABLE_OBJC_WEAK = YES;
				CLANG_WARN_BLOCK_CAPTURE_AUTORELEASING = YES;
				CLANG_WARN_BOOL_CONVERSION = YES;
				CLANG_WARN_COMMA = YES;
				CLANG_WARN_CONSTANT_CONVERSION = YES;
				CLANG_WARN_DEPRECATED_OBJC_IMPLEMENTATIONS = YES;
				CLANG_WARN_DIRECT_OBJC_ISA_USAGE = YES_ERROR;
				CLANG_WARN_DOCUMENTATION_COMMENTS = YES;
				CLANG_WARN_EMPTY_BODY = YES;
				CLANG_WARN_ENUM_CONVERSION = YES;
				CLANG_WARN_INFINITE_RECURSION = YES;
				CLANG_WARN_INT_CONVERSION = YES;
				CLANG_WARN_NON_LITERAL_NULL_CONVERSION = YES;
				CLANG_WARN_OBJC_IMPLICIT_RETAIN_SELF = YES;
				CLANG_WARN_OBJC_LITERAL_CONVERSION = YES;
				CLANG_WARN_OBJC_ROOT_CLASS = YES_ERROR;
				CLANG_WARN_RANGE_LOOP_ANALYSIS = YES;
				CLANG_WARN_STRICT_PROTOTYPES = YES;
				CLANG_WARN_SUSPICIOUS_MOVE = YES;
				CLANG_WARN_UNGUARDED_AVAILABILITY = YES_AGGRESSIVE;
				CLANG_WARN_UNREACHABLE_CODE = YES;
				CLANG_WARN__DUPLICATE_METHOD_MATCH = YES;
				CODE_SIGN_IDENTITY = "iPhone Developer";
				COPY_PHASE_STRIP = NO;
				DEBUG_INFORMATION_FORMAT = "dwarf-with-dsym";
				ENABLE_NS_ASSERTIONS = NO;
				ENABLE_STRICT_OBJC_MSGSEND = YES;
				GCC_C_LANGUAGE_STANDARD = gnu11;
				GCC_NO_COMMON_BLOCKS = YES;
				GCC_WARN_64_TO_32_BIT_CONVERSION = YES;
				GCC_WARN_ABOUT_RETURN_TYPE = YES_ERROR;
				GCC_WARN_UNDECLARED_SELECTOR = YES;
				GCC_WARN_UNINITIALIZED_AUTOS = YES_AGGRESSIVE;
				GCC_WARN_UNUSED_FUNCTION = YES;
				GCC_WARN_UNUSED_VARIABLE = YES;
				IPHONEOS_DEPLOYMENT_TARGET = 12.1;
				MTL_ENABLE_DEBUG_INFO = NO;
				MTL_FAST_MATH = YES;
				SDKROOT = iphoneos;
				SWIFT_COMPILATION_MODE = wholemodule;
				SWIFT_OPTIMIZATION_LEVEL = "-O";
				VALIDATE_PRODUCT = YES;
			};
			name = Release;
		};
		D9B2C4422356B9A5006C4278 /* Debug */ = {
			isa = XCBuildConfiguration;
			buildSettings = {
				ASSETCATALOG_COMPILER_APPICON_NAME = AppIcon;
				CODE_SIGN_STYLE = Automatic;
				INFOPLIST_FILE = apple/Info.plist;
				LD_RUNPATH_SEARCH_PATHS = (
					"$(inherited)",
					"@executable_path/Frameworks",
				);
				PRODUCT_BUNDLE_IDENTIFIER = cn.edu.imnu.apple;
				PRODUCT_NAME = "$(TARGET_NAME)";
				SWIFT_VERSION = 4.2;
				TARGETED_DEVICE_FAMILY = "1,2";
			};
			name = Debug;
		};
		D9B2C4432356B9A5006C4278 /* Release */ = {
			isa = XCBuildConfiguration;
			buildSettings = {
				ASSETCATALOG_COMPILER_APPICON_NAME = AppIcon;
				CODE_SIGN_STYLE = Automatic;
				INFOPLIST_FILE = apple/Info.plist;
				LD_RUNPATH_SEARCH_PATHS = (
					"$(inherited)",
					"@executable_path/Frameworks",
				);
				PRODUCT_BUNDLE_IDENTIFIER = cn.edu.imnu.apple;
				PRODUCT_NAME = "$(TARGET_NAME)";
				SWIFT_VERSION = 4.2;
				TARGETED_DEVICE_FAMILY = "1,2";
			};
			name = Release;
		};
		D9B2C4452356B9A5006C4278 /* Debug */ = {
			isa = XCBuildConfiguration;
			buildSettings = {
				ALWAYS_EMBED_SWIFT_STANDARD_LIBRARIES = YES;
				BUNDLE_LOADER = "$(TEST_HOST)";
				CODE_SIGN_STYLE = Automatic;
				INFOPLIST_FILE = appleTests/Info.plist;
				LD_RUNPATH_SEARCH_PATHS = (
					"$(inherited)",
					"@executable_path/Frameworks",
					"@loader_path/Frameworks",
				);
				PRODUCT_BUNDLE_IDENTIFIER = cn.edu.imnu.appleTests;
				PRODUCT_NAME = "$(TARGET_NAME)";
				SWIFT_VERSION = 4.2;
				TARGETED_DEVICE_FAMILY = "1,2";
				TEST_HOST = "$(BUILT_PRODUCTS_DIR)/apple.app/apple";
			};
			name = Debug;
		};
		D9B2C4462356B9A5006C4278 /* Release */ = {
			isa = XCBuildConfiguration;
			buildSettings = {
				ALWAYS_EMBED_SWIFT_STANDARD_LIBRARIES = YES;
				BUNDLE_LOADER = "$(TEST_HOST)";
				CODE_SIGN_STYLE = Automatic;
				INFOPLIST_FILE = appleTests/Info.plist;
				LD_RUNPATH_SEARCH_PATHS = (
					"$(inherited)",
					"@executable_path/Frameworks",
					"@loader_path/Frameworks",
				);
				PRODUCT_BUNDLE_IDENTIFIER = cn.edu.imnu.appleTests;
				PRODUCT_NAME = "$(TARGET_NAME)";
				SWIFT_VERSION = 4.2;
				TARGETED_DEVICE_FAMILY = "1,2";
				TEST_HOST = "$(BUILT_PRODUCTS_DIR)/apple.app/apple";
			};
			name = Release;
		};
		D9B2C4482356B9A5006C4278 /* Debug */ = {
			isa = XCBuildConfiguration;
			buildSettings = {
				ALWAYS_EMBED_SWIFT_STANDARD_LIBRARIES = YES;
				CODE_SIGN_STYLE = Automatic;
				INFOPLIST_FILE = appleUITests/Info.plist;
				LD_RUNPATH_SEARCH_PATHS = (
					"$(inherited)",
					"@executable_path/Frameworks",
					"@loader_path/Frameworks",
				);
				PRODUCT_BUNDLE_IDENTIFIER = cn.edu.imnu.appleUITests;
				PRODUCT_NAME = "$(TARGET_NAME)";
				SWIFT_VERSION = 4.2;
				TARGETED_DEVICE_FAMILY = "1,2";
				TEST_TARGET_NAME = apple;
			};
			name = Debug;
		};
		D9B2C4492356B9A5006C4278 /* Release */ = {
			isa = XCBuildConfiguration;
			buildSettings = {
				ALWAYS_EMBED_SWIFT_STANDARD_LIBRARIES = YES;
				CODE_SIGN_STYLE = Automatic;
				INFOPLIST_FILE = appleUITests/Info.plist;
				LD_RUNPATH_SEARCH_PATHS = (
					"$(inherited)",
					"@executable_path/Frameworks",
					"@loader_path/Frameworks",
				);
				PRODUCT_BUNDLE_IDENTIFIER = cn.edu.imnu.appleUITests;
				PRODUCT_NAME = "$(TARGET_NAME)";
				SWIFT_VERSION = 4.2;
				TARGETED_DEVICE_FAMILY = "1,2";
				TEST_TARGET_NAME = apple;
			};
			name = Release;
		};
/* End XCBuildConfiguration section */

/* Begin XCConfigurationList section */
		D9B2C4142356B9A2006C4278 /* Build configuration list for PBXProject "apple" */ = {
			isa = XCConfigurationList;
			buildConfigurations = (
				D9B2C43F2356B9A5006C4278 /* Debug */,
				D9B2C4402356B9A5006C4278 /* Release */,
			);
			defaultConfigurationIsVisible = 0;
			defaultConfigurationName = Release;
		};
		D9B2C4412356B9A5006C4278 /* Build configuration list for PBXNativeTarget "apple" */ = {
			isa = XCConfigurationList;
			buildConfigurations = (
				D9B2C4422356B9A5006C4278 /* Debug */,
				D9B2C4432356B9A5006C4278 /* Release */,
			);
			defaultConfigurationIsVisible = 0;
			defaultConfigurationName = Release;
		};
		D9B2C4442356B9A5006C4278 /* Build configuration list for PBXNativeTarget "appleTests" */ = {
			isa = XCConfigurationList;
			buildConfigurations = (
				D9B2C4452356B9A5006C4278 /* Debug */,
				D9B2C4462356B9A5006C4278 /* Release */,
			);
			defaultConfigurationIsVisible = 0;
			defaultConfigurationName = Release;
		};
		D9B2C4472356B9A5006C4278 /* Build configuration list for PBXNativeTarget "appleUITests" */ = {
			isa = XCConfigurationList;
			buildConfigurations = (
				D9B2C4482356B9A5006C4278 /* Debug */,
				D9B2C4492356B9A5006C4278 /* Release */,
			);
			defaultConfigurationIsVisible = 0;
			defaultConfigurationName = Release;
		};
/* End XCConfigurationList section */
	};
	rootObject = D9B2C4112356B9A2006C4278 /* Project object */;
}
