// !$*UTF8*$!
{
	archiveVersion = 1;
	classes = {
	};
	objectVersion = 50;
	objects = {

/* Begin PBXBuildFile section */
		D9F57FAC23594E5F00426A1D /* AppDelegate.swift in Sources */ = {isa = PBXBuildFile; fileRef = D9F57FAB23594E5F00426A1D /* AppDelegate.swift */; };
		D9F57FAE23594E5F00426A1D /* ViewController.swift in Sources */ = {isa = PBXBuildFile; fileRef = D9F57FAD23594E5F00426A1D /* ViewController.swift */; };
		D9F57FB123594E5F00426A1D /* Main.storyboard in Resources */ = {isa = PBXBuildFile; fileRef = D9F57FAF23594E5F00426A1D /* Main.storyboard */; };
		D9F57FB323594E5F00426A1D /* Assets.xcassets in Resources */ = {isa = PBXBuildFile; fileRef = D9F57FB223594E5F00426A1D /* Assets.xcassets */; };
		D9F57FB623594E5F00426A1D /* LaunchScreen.storyboard in Resources */ = {isa = PBXBuildFile; fileRef = D9F57FB423594E5F00426A1D /* LaunchScreen.storyboard */; };
		D9F57FC123594E6000426A1D /* appleapp2Tests.swift in Sources */ = {isa = PBXBuildFile; fileRef = D9F57FC023594E6000426A1D /* appleapp2Tests.swift */; };
		D9F57FCC23594E6000426A1D /* appleapp2UITests.swift in Sources */ = {isa = PBXBuildFile; fileRef = D9F57FCB23594E6000426A1D /* appleapp2UITests.swift */; };
/* End PBXBuildFile section */

/* Begin PBXContainerItemProxy section */
		D9F57FBD23594E6000426A1D /* PBXContainerItemProxy */ = {
			isa = PBXContainerItemProxy;
			containerPortal = D9F57FA023594E5F00426A1D /* Project object */;
			proxyType = 1;
			remoteGlobalIDString = D9F57FA723594E5F00426A1D;
			remoteInfo = appleapp2;
		};
		D9F57FC823594E6000426A1D /* PBXContainerItemProxy */ = {
			isa = PBXContainerItemProxy;
			containerPortal = D9F57FA023594E5F00426A1D /* Project object */;
			proxyType = 1;
			remoteGlobalIDString = D9F57FA723594E5F00426A1D;
			remoteInfo = appleapp2;
		};
/* End PBXContainerItemProxy section */

/* Begin PBXFileReference section */
		D9F57FA823594E5F00426A1D /* appleapp2.app */ = {isa = PBXFileReference; explicitFileType = wrapper.application; includeInIndex = 0; path = appleapp2.app; sourceTree = BUILT_PRODUCTS_DIR; };
		D9F57FAB23594E5F00426A1D /* AppDelegate.swift */ = {isa = PBXFileReference; lastKnownFileType = sourcecode.swift; path = AppDelegate.swift; sourceTree = "<group>"; };
		D9F57FAD23594E5F00426A1D /* ViewController.swift */ = {isa = PBXFileReference; lastKnownFileType = sourcecode.swift; path = ViewController.swift; sourceTree = "<group>"; };
		D9F57FB023594E5F00426A1D /* Base */ = {isa = PBXFileReference; lastKnownFileType = file.storyboard; name = Base; path = Base.lproj/Main.storyboard; sourceTree = "<group>"; };
		D9F57FB223594E5F00426A1D /* Assets.xcassets */ = {isa = PBXFileReference; lastKnownFileType = folder.assetcatalog; path = Assets.xcassets; sourceTree = "<group>"; };
		D9F57FB523594E5F00426A1D /* Base */ = {isa = PBXFileReference; lastKnownFileType = file.storyboard; name = Base; path = Base.lproj/LaunchScreen.storyboard; sourceTree = "<group>"; };
		D9F57FB723594E6000426A1D /* Info.plist */ = {isa = PBXFileReference; lastKnownFileType = text.plist.xml; path = Info.plist; sourceTree = "<group>"; };
		D9F57FBC23594E6000426A1D /* appleapp2Tests.xctest */ = {isa = PBXFileReference; explicitFileType = wrapper.cfbundle; includeInIndex = 0; path = appleapp2Tests.xctest; sourceTree = BUILT_PRODUCTS_DIR; };
		D9F57FC023594E6000426A1D /* appleapp2Tests.swift */ = {isa = PBXFileReference; lastKnownFileType = sourcecode.swift; path = appleapp2Tests.swift; sourceTree = "<group>"; };
		D9F57FC223594E6000426A1D /* Info.plist */ = {isa = PBXFileReference; lastKnownFileType = text.plist.xml; path = Info.plist; sourceTree = "<group>"; };
		D9F57FC723594E6000426A1D /* appleapp2UITests.xctest */ = {isa = PBXFileReference; explicitFileType = wrapper.cfbundle; includeInIndex = 0; path = appleapp2UITests.xctest; sourceTree = BUILT_PRODUCTS_DIR; };
		D9F57FCB23594E6000426A1D /* appleapp2UITests.swift */ = {isa = PBXFileReference; lastKnownFileType = sourcecode.swift; path = appleapp2UITests.swift; sourceTree = "<group>"; };
		D9F57FCD23594E6000426A1D /* Info.plist */ = {isa = PBXFileReference; lastKnownFileType = text.plist.xml; path = Info.plist; sourceTree = "<group>"; };
/* End PBXFileReference section */

/* Begin PBXFrameworksBuildPhase section */
		D9F57FA523594E5F00426A1D /* Frameworks */ = {
			isa = PBXFrameworksBuildPhase;
			buildActionMask = 2147483647;
			files = (
			);
			runOnlyForDeploymentPostprocessing = 0;
		};
		D9F57FB923594E6000426A1D /* Frameworks */ = {
			isa = PBXFrameworksBuildPhase;
			buildActionMask = 2147483647;
			files = (
			);
			runOnlyForDeploymentPostprocessing = 0;
		};
		D9F57FC423594E6000426A1D /* Frameworks */ = {
			isa = PBXFrameworksBuildPhase;
			buildActionMask = 2147483647;
			files = (
			);
			runOnlyForDeploymentPostprocessing = 0;
		};
/* End PBXFrameworksBuildPhase section */

/* Begin PBXGroup section */
		D9F57F9F23594E5F00426A1D = {
			isa = PBXGroup;
			children = (
				D9F57FAA23594E5F00426A1D /* appleapp2 */,
				D9F57FBF23594E6000426A1D /* appleapp2Tests */,
				D9F57FCA23594E6000426A1D /* appleapp2UITests */,
				D9F57FA923594E5F00426A1D /* Products */,
			);
			sourceTree = "<group>";
		};
		D9F57FA923594E5F00426A1D /* Products */ = {
			isa = PBXGroup;
			children = (
				D9F57FA823594E5F00426A1D /* appleapp2.app */,
				D9F57FBC23594E6000426A1D /* appleapp2Tests.xctest */,
				D9F57FC723594E6000426A1D /* appleapp2UITests.xctest */,
			);
			name = Products;
			sourceTree = "<group>";
		};
		D9F57FAA23594E5F00426A1D /* appleapp2 */ = {
			isa = PBXGroup;
			children = (
				D9F57FAB23594E5F00426A1D /* AppDelegate.swift */,
				D9F57FAD23594E5F00426A1D /* ViewController.swift */,
				D9F57FAF23594E5F00426A1D /* Main.storyboard */,
				D9F57FB223594E5F00426A1D /* Assets.xcassets */,
				D9F57FB423594E5F00426A1D /* LaunchScreen.storyboard */,
				D9F57FB723594E6000426A1D /* Info.plist */,
			);
			path = appleapp2;
			sourceTree = "<group>";
		};
		D9F57FBF23594E6000426A1D /* appleapp2Tests */ = {
			isa = PBXGroup;
			children = (
				D9F57FC023594E6000426A1D /* appleapp2Tests.swift */,
				D9F57FC223594E6000426A1D /* Info.plist */,
			);
			path = appleapp2Tests;
			sourceTree = "<group>";
		};
		D9F57FCA23594E6000426A1D /* appleapp2UITests */ = {
			isa = PBXGroup;
			children = (
				D9F57FCB23594E6000426A1D /* appleapp2UITests.swift */,
				D9F57FCD23594E6000426A1D /* Info.plist */,
			);
			path = appleapp2UITests;
			sourceTree = "<group>";
		};
/* End PBXGroup section */

/* Begin PBXNativeTarget section */
		D9F57FA723594E5F00426A1D /* appleapp2 */ = {
			isa = PBXNativeTarget;
			buildConfigurationList = D9F57FD023594E6000426A1D /* Build configuration list for PBXNativeTarget "appleapp2" */;
			buildPhases = (
				D9F57FA423594E5F00426A1D /* Sources */,
				D9F57FA523594E5F00426A1D /* Frameworks */,
				D9F57FA623594E5F00426A1D /* Resources */,
			);
			buildRules = (
			);
			dependencies = (
			);
			name = appleapp2;
			productName = appleapp2;
			productReference = D9F57FA823594E5F00426A1D /* appleapp2.app */;
			productType = "com.apple.product-type.application";
		};
		D9F57FBB23594E6000426A1D /* appleapp2Tests */ = {
			isa = PBXNativeTarget;
			buildConfigurationList = D9F57FD323594E6000426A1D /* Build configuration list for PBXNativeTarget "appleapp2Tests" */;
			buildPhases = (
				D9F57FB823594E6000426A1D /* Sources */,
				D9F57FB923594E6000426A1D /* Frameworks */,
				D9F57FBA23594E6000426A1D /* Resources */,
			);
			buildRules = (
			);
			dependencies = (
				D9F57FBE23594E6000426A1D /* PBXTargetDependency */,
			);
			name = appleapp2Tests;
			productName = appleapp2Tests;
			productReference = D9F57FBC23594E6000426A1D /* appleapp2Tests.xctest */;
			productType = "com.apple.product-type.bundle.unit-test";
		};
		D9F57FC623594E6000426A1D /* appleapp2UITests */ = {
			isa = PBXNativeTarget;
			buildConfigurationList = D9F57FD623594E6000426A1D /* Build configuration list for PBXNativeTarget "appleapp2UITests" */;
			buildPhases = (
				D9F57FC323594E6000426A1D /* Sources */,
				D9F57FC423594E6000426A1D /* Frameworks */,
				D9F57FC523594E6000426A1D /* Resources */,
			);
			buildRules = (
			);
			dependencies = (
				D9F57FC923594E6000426A1D /* PBXTargetDependency */,
			);
			name = appleapp2UITests;
			productName = appleapp2UITests;
			productReference = D9F57FC723594E6000426A1D /* appleapp2UITests.xctest */;
			productType = "com.apple.product-type.bundle.ui-testing";
		};
/* End PBXNativeTarget section */

/* Begin PBXProject section */
		D9F57FA023594E5F00426A1D /* Project object */ = {
			isa = PBXProject;
			attributes = {
				LastSwiftUpdateCheck = 1010;
				LastUpgradeCheck = 1010;
				ORGANIZATIONNAME = s20181105306;
				TargetAttributes = {
					D9F57FA723594E5F00426A1D = {
						CreatedOnToolsVersion = 10.1;
					};
					D9F57FBB23594E6000426A1D = {
						CreatedOnToolsVersion = 10.1;
						TestTargetID = D9F57FA723594E5F00426A1D;
					};
					D9F57FC623594E6000426A1D = {
						CreatedOnToolsVersion = 10.1;
						TestTargetID = D9F57FA723594E5F00426A1D;
					};
				};
			};
			buildConfigurationList = D9F57FA323594E5F00426A1D /* Build configuration list for PBXProject "appleapp2" */;
			compatibilityVersion = "Xcode 9.3";
			developmentRegion = en;
			hasScannedForEncodings = 0;
			knownRegions = (
				en,
				Base,
			);
			mainGroup = D9F57F9F23594E5F00426A1D;
			productRefGroup = D9F57FA923594E5F00426A1D /* Products */;
			projectDirPath = "";
			projectRoot = "";
			targets = (
				D9F57FA723594E5F00426A1D /* appleapp2 */,
				D9F57FBB23594E6000426A1D /* appleapp2Tests */,
				D9F57FC623594E6000426A1D /* appleapp2UITests */,
			);
		};
/* End PBXProject section */

/* Begin PBXResourcesBuildPhase section */
		D9F57FA623594E5F00426A1D /* Resources */ = {
			isa = PBXResourcesBuildPhase;
			buildActionMask = 2147483647;
			files = (
				D9F57FB623594E5F00426A1D /* LaunchScreen.storyboard in Resources */,
				D9F57FB323594E5F00426A1D /* Assets.xcassets in Resources */,
				D9F57FB123594E5F00426A1D /* Main.storyboard in Resources */,
			);
			runOnlyForDeploymentPostprocessing = 0;
		};
		D9F57FBA23594E6000426A1D /* Resources */ = {
			isa = PBXResourcesBuildPhase;
			buildActionMask = 2147483647;
			files = (
			);
			runOnlyForDeploymentPostprocessing = 0;
		};
		D9F57FC523594E6000426A1D /* Resources */ = {
			isa = PBXResourcesBuildPhase;
			buildActionMask = 2147483647;
			files = (
			);
			runOnlyForDeploymentPostprocessing = 0;
		};
/* End PBXResourcesBuildPhase section */

/* Begin PBXSourcesBuildPhase section */
		D9F57FA423594E5F00426A1D /* Sources */ = {
			isa = PBXSourcesBuildPhase;
			buildActionMask = 2147483647;
			files = (
				D9F57FAE23594E5F00426A1D /* ViewController.swift in Sources */,
				D9F57FAC23594E5F00426A1D /* AppDelegate.swift in Sources */,
			);
			runOnlyForDeploymentPostprocessing = 0;
		};
		D9F57FB823594E6000426A1D /* Sources */ = {
			isa = PBXSourcesBuildPhase;
			buildActionMask = 2147483647;
			files = (
				D9F57FC123594E6000426A1D /* appleapp2Tests.swift in Sources */,
			);
			runOnlyForDeploymentPostprocessing = 0;
		};
		D9F57FC323594E6000426A1D /* Sources */ = {
			isa = PBXSourcesBuildPhase;
			buildActionMask = 2147483647;
			files = (
				D9F57FCC23594E6000426A1D /* appleapp2UITests.swift in Sources */,
			);
			runOnlyForDeploymentPostprocessing = 0;
		};
/* End PBXSourcesBuildPhase section */

/* Begin PBXTargetDependency section */
		D9F57FBE23594E6000426A1D /* PBXTargetDependency */ = {
			isa = PBXTargetDependency;
			target = D9F57FA723594E5F00426A1D /* appleapp2 */;
			targetProxy = D9F57FBD23594E6000426A1D /* PBXContainerItemProxy */;
		};
		D9F57FC923594E6000426A1D /* PBXTargetDependency */ = {
			isa = PBXTargetDependency;
			target = D9F57FA723594E5F00426A1D /* appleapp2 */;
			targetProxy = D9F57FC823594E6000426A1D /* PBXContainerItemProxy */;
		};
/* End PBXTargetDependency section */

/* Begin PBXVariantGroup section */
		D9F57FAF23594E5F00426A1D /* Main.storyboard */ = {
			isa = PBXVariantGroup;
			children = (
				D9F57FB023594E5F00426A1D /* Base */,
			);
			name = Main.storyboard;
			sourceTree = "<group>";
		};
		D9F57FB423594E5F00426A1D /* LaunchScreen.storyboard */ = {
			isa = PBXVariantGroup;
			children = (
				D9F57FB523594E5F00426A1D /* Base */,
			);
			name = LaunchScreen.storyboard;
			sourceTree = "<group>";
		};
/* End PBXVariantGroup section */

/* Begin XCBuildConfiguration section */
		D9F57FCE23594E6000426A1D /* Debug */ = {
			isa = XCBuildConfiguration;
			buildSettings = {
				ALWAYS_SEARCH_USER_PATHS = NO;
				CLANG_ANALYZER_NONNULL = YES;
				CLANG_ANALYZER_NUMBER_OBJECT_CONVERSION = YES_AGGRESSIVE;
				CLANG_CXX_LANGUAGE_STANDARD = "gnu++14";
				CLANG_CXX_LIBRARY = "libc++";
				CLANG_ENABLE_MODULES = YES;
				CLANG_ENABLE_OBJC_ARC = YES;
				CLANG_ENABLE_OBJC_WEAK = YES;
				CLANG_WARN_BLOCK_CAPTURE_AUTORELEASING = YES;
				CLANG_WARN_BOOL_CONVERSION = YES;
				CLANG_WARN_COMMA = YES;
				CLANG_WARN_CONSTANT_CONVERSION = YES;
				CLANG_WARN_DEPRECATED_OBJC_IMPLEMENTATIONS = YES;
				CLANG_WARN_DIRECT_OBJC_ISA_USAGE = YES_ERROR;
				CLANG_WARN_DOCUMENTATION_COMMENTS = YES;
				CLANG_WARN_EMPTY_BODY = YES;
				CLANG_WARN_ENUM_CONVERSION = YES;
				CLANG_WARN_INFINITE_RECURSION = YES;
				CLANG_WARN_INT_CONVERSION = YES;
				CLANG_WARN_NON_LITERAL_NULL_CONVERSION = YES;
				CLANG_WARN_OBJC_IMPLICIT_RETAIN_SELF = YES;
				CLANG_WARN_OBJC_LITERAL_CONVERSION = YES;
				CLANG_WARN_OBJC_ROOT_CLASS = YES_ERROR;
				CLANG_WARN_RANGE_LOOP_ANALYSIS = YES;
				CLANG_WARN_STRICT_PROTOTYPES = YES;
				CLANG_WARN_SUSPICIOUS_MOVE = YES;
				CLANG_WARN_UNGUARDED_AVAILABILITY = YES_AGGRESSIVE;
				CLANG_WARN_UNREACHABLE_CODE = YES;
				CLANG_WARN__DUPLICATE_METHOD_MATCH = YES;
				CODE_SIGN_IDENTITY = "iPhone Developer";
				COPY_PHASE_STRIP = NO;
				DEBUG_INFORMATION_FORMAT = dwarf;
				ENABLE_STRICT_OBJC_MSGSEND = YES;
				ENABLE_TESTABILITY = YES;
				GCC_C_LANGUAGE_STANDARD = gnu11;
				GCC_DYNAMIC_NO_PIC = NO;
				GCC_NO_COMMON_BLOCKS = YES;
				GCC_OPTIMIZATION_LEVEL = 0;
				GCC_PREPROCESSOR_DEFINITIONS = (
					"DEBUG=1",
					"$(inherited)",
				);
				GCC_WARN_64_TO_32_BIT_CONVERSION = YES;
				GCC_WARN_ABOUT_RETURN_TYPE = YES_ERROR;
				GCC_WARN_UNDECLARED_SELECTOR = YES;
				GCC_WARN_UNINITIALIZED_AUTOS = YES_AGGRESSIVE;
				GCC_WARN_UNUSED_FUNCTION = YES;
				GCC_WARN_UNUSED_VARIABLE = YES;
				IPHONEOS_DEPLOYMENT_TARGET = 12.1;
				MTL_ENABLE_DEBUG_INFO = INCLUDE_SOURCE;
				MTL_FAST_MATH = YES;
				ONLY_ACTIVE_ARCH = YES;
				SDKROOT = iphoneos;
				SWIFT_ACTIVE_COMPILATION_CONDITIONS = DEBUG;
				SWIFT_OPTIMIZATION_LEVEL = "-Onone";
			};
			name = Debug;
		};
		D9F57FCF23594E6000426A1D /* Release */ = {
			isa = XCBuildConfiguration;
			buildSettings = {
				ALWAYS_SEARCH_USER_PATHS = NO;
				CLANG_ANALYZER_NONNULL = YES;
				CLANG_ANALYZER_NUMBER_OBJECT_CONVERSION = YES_AGGRESSIVE;
				CLANG_CXX_LANGUAGE_STANDARD = "gnu++14";
				CLANG_CXX_LIBRARY = "libc++";
				CLANG_ENABLE_MODULES = YES;
				CLANG_ENABLE_OBJC_ARC = YES;
				CLANG_ENABLE_OBJC_WEAK = YES;
				CLANG_WARN_BLOCK_CAPTURE_AUTORELEASING = YES;
				CLANG_WARN_BOOL_CONVERSION = YES;
				CLANG_WARN_COMMA = YES;
				CLANG_WARN_CONSTANT_CONVERSION = YES;
				CLANG_WARN_DEPRECATED_OBJC_IMPLEMENTATIONS = YES;
				CLANG_WARN_DIRECT_OBJC_ISA_USAGE = YES_ERROR;
				CLANG_WARN_DOCUMENTATION_COMMENTS = YES;
				CLANG_WARN_EMPTY_BODY = YES;
				CLANG_WARN_ENUM_CONVERSION = YES;
				CLANG_WARN_INFINITE_RECURSION = YES;
				CLANG_WARN_INT_CONVERSION = YES;
				CLANG_WARN_NON_LITERAL_NULL_CONVERSION = YES;
				CLANG_WARN_OBJC_IMPLICIT_RETAIN_SELF = YES;
				CLANG_WARN_OBJC_LITERAL_CONVERSION = YES;
				CLANG_WARN_OBJC_ROOT_CLASS = YES_ERROR;
				CLANG_WARN_RANGE_LOOP_ANALYSIS = YES;
				CLANG_WARN_STRICT_PROTOTYPES = YES;
				CLANG_WARN_SUSPICIOUS_MOVE = YES;
				CLANG_WARN_UNGUARDED_AVAILABILITY = YES_AGGRESSIVE;
				CLANG_WARN_UNREACHABLE_CODE = YES;
				CLANG_WARN__DUPLICATE_METHOD_MATCH = YES;
				CODE_SIGN_IDENTITY = "iPhone Developer";
				COPY_PHASE_STRIP = NO;
				DEBUG_INFORMATION_FORMAT = "dwarf-with-dsym";
				ENABLE_NS_ASSERTIONS = NO;
				ENABLE_STRICT_OBJC_MSGSEND = YES;
				GCC_C_LANGUAGE_STANDARD = gnu11;
				GCC_NO_COMMON_BLOCKS = YES;
				GCC_WARN_64_TO_32_BIT_CONVERSION = YES;
				GCC_WARN_ABOUT_RETURN_TYPE = YES_ERROR;
				GCC_WARN_UNDECLARED_SELECTOR = YES;
				GCC_WARN_UNINITIALIZED_AUTOS = YES_AGGRESSIVE;
				GCC_WARN_UNUSED_FUNCTION = YES;
				GCC_WARN_UNUSED_VARIABLE = YES;
				IPHONEOS_DEPLOYMENT_TARGET = 12.1;
				MTL_ENABLE_DEBUG_INFO = NO;
				MTL_FAST_MATH = YES;
				SDKROOT = iphoneos;
				SWIFT_COMPILATION_MODE = wholemodule;
				SWIFT_OPTIMIZATION_LEVEL = "-O";
				VALIDATE_PRODUCT = YES;
			};
			name = Release;
		};
		D9F57FD123594E6000426A1D /* Debug */ = {
			isa = XCBuildConfiguration;
			buildSettings = {
				ASSETCATALOG_COMPILER_APPICON_NAME = AppIcon;
				CODE_SIGN_STYLE = Automatic;
				INFOPLIST_FILE = appleapp2/Info.plist;
				LD_RUNPATH_SEARCH_PATHS = (
					"$(inherited)",
					"@executable_path/Frameworks",
				);
				PRODUCT_BUNDLE_IDENTIFIER = cn.edu.imnu.appleapp2;
				PRODUCT_NAME = "$(TARGET_NAME)";
				SWIFT_VERSION = 4.2;
				TARGETED_DEVICE_FAMILY = "1,2";
			};
			name = Debug;
		};
		D9F57FD223594E6000426A1D /* Release */ = {
			isa = XCBuildConfiguration;
			buildSettings = {
				ASSETCATALOG_COMPILER_APPICON_NAME = AppIcon;
				CODE_SIGN_STYLE = Automatic;
				INFOPLIST_FILE = appleapp2/Info.plist;
				LD_RUNPATH_SEARCH_PATHS = (
					"$(inherited)",
					"@executable_path/Frameworks",
				);
				PRODUCT_BUNDLE_IDENTIFIER = cn.edu.imnu.appleapp2;
				PRODUCT_NAME = "$(TARGET_NAME)";
				SWIFT_VERSION = 4.2;
				TARGETED_DEVICE_FAMILY = "1,2";
			};
			name = Release;
		};
		D9F57FD423594E6000426A1D /* Debug */ = {
			isa = XCBuildConfiguration;
			buildSettings = {
				ALWAYS_EMBED_SWIFT_STANDARD_LIBRARIES = YES;
				BUNDLE_LOADER = "$(TEST_HOST)";
				CODE_SIGN_STYLE = Automatic;
				INFOPLIST_FILE = appleapp2Tests/Info.plist;
				LD_RUNPATH_SEARCH_PATHS = (
					"$(inherited)",
					"@executable_path/Frameworks",
					"@loader_path/Frameworks",
				);
				PRODUCT_BUNDLE_IDENTIFIER = cn.edu.imnu.appleapp2Tests;
				PRODUCT_NAME = "$(TARGET_NAME)";
				SWIFT_VERSION = 4.2;
				TARGETED_DEVICE_FAMILY = "1,2";
				TEST_HOST = "$(BUILT_PRODUCTS_DIR)/appleapp2.app/appleapp2";
			};
			name = Debug;
		};
		D9F57FD523594E6000426A1D /* Release */ = {
			isa = XCBuildConfiguration;
			buildSettings = {
				ALWAYS_EMBED_SWIFT_STANDARD_LIBRARIES = YES;
				BUNDLE_LOADER = "$(TEST_HOST)";
				CODE_SIGN_STYLE = Automatic;
				INFOPLIST_FILE = appleapp2Tests/Info.plist;
				LD_RUNPATH_SEARCH_PATHS = (
					"$(inherited)",
					"@executable_path/Frameworks",
					"@loader_path/Frameworks",
				);
				PRODUCT_BUNDLE_IDENTIFIER = cn.edu.imnu.appleapp2Tests;
				PRODUCT_NAME = "$(TARGET_NAME)";
				SWIFT_VERSION = 4.2;
				TARGETED_DEVICE_FAMILY = "1,2";
				TEST_HOST = "$(BUILT_PRODUCTS_DIR)/appleapp2.app/appleapp2";
			};
			name = Release;
		};
		D9F57FD723594E6000426A1D /* Debug */ = {
			isa = XCBuildConfiguration;
			buildSettings = {
				ALWAYS_EMBED_SWIFT_STANDARD_LIBRARIES = YES;
				CODE_SIGN_STYLE = Automatic;
				INFOPLIST_FILE = appleapp2UITests/Info.plist;
				LD_RUNPATH_SEARCH_PATHS = (
					"$(inherited)",
					"@executable_path/Frameworks",
					"@loader_path/Frameworks",
				);
				PRODUCT_BUNDLE_IDENTIFIER = cn.edu.imnu.appleapp2UITests;
				PRODUCT_NAME = "$(TARGET_NAME)";
				SWIFT_VERSION = 4.2;
				TARGETED_DEVICE_FAMILY = "1,2";
				TEST_TARGET_NAME = appleapp2;
			};
			name = Debug;
		};
		D9F57FD823594E6000426A1D /* Release */ = {
			isa = XCBuildConfiguration;
			buildSettings = {
				ALWAYS_EMBED_SWIFT_STANDARD_LIBRARIES = YES;
				CODE_SIGN_STYLE = Automatic;
				INFOPLIST_FILE = appleapp2UITests/Info.plist;
				LD_RUNPATH_SEARCH_PATHS = (
					"$(inherited)",
					"@executable_path/Frameworks",
					"@loader_path/Frameworks",
				);
				PRODUCT_BUNDLE_IDENTIFIER = cn.edu.imnu.appleapp2UITests;
				PRODUCT_NAME = "$(TARGET_NAME)";
				SWIFT_VERSION = 4.2;
				TARGETED_DEVICE_FAMILY = "1,2";
				TEST_TARGET_NAME = appleapp2;
			};
			name = Release;
		};
/* End XCBuildConfiguration section */

/* Begin XCConfigurationList section */
		D9F57FA323594E5F00426A1D /* Build configuration list for PBXProject "appleapp2" */ = {
			isa = XCConfigurationList;
			buildConfigurations = (
				D9F57FCE23594E6000426A1D /* Debug */,
				D9F57FCF23594E6000426A1D /* Release */,
			);
			defaultConfigurationIsVisible = 0;
			defaultConfigurationName = Release;
		};
		D9F57FD023594E6000426A1D /* Build configuration list for PBXNativeTarget "appleapp2" */ = {
			isa = XCConfigurationList;
			buildConfigurations = (
				D9F57FD123594E6000426A1D /* Debug */,
				D9F57FD223594E6000426A1D /* Release */,
			);
			defaultConfigurationIsVisible = 0;
			defaultConfigurationName = Release;
		};
		D9F57FD323594E6000426A1D /* Build configuration list for PBXNativeTarget "appleapp2Tests" */ = {
			isa = XCConfigurationList;
			buildConfigurations = (
				D9F57FD423594E6000426A1D /* Debug */,
				D9F57FD523594E6000426A1D /* Release */,
			);
			defaultConfigurationIsVisible = 0;
			defaultConfigurationName = Release;
		};
		D9F57FD623594E6000426A1D /* Build configuration list for PBXNativeTarget "appleapp2UITests" */ = {
			isa = XCConfigurationList;
			buildConfigurations = (
				D9F57FD723594E6000426A1D /* Debug */,
				D9F57FD823594E6000426A1D /* Release */,
			);
			defaultConfigurationIsVisible = 0;
			defaultConfigurationName = Release;
		};
/* End XCConfigurationList section */
	};
	rootObject = D9F57FA023594E5F00426A1D /* Project object */;
}
