// !$*UTF8*$!
{
	archiveVersion = 1;
	classes = {
	};
	objectVersion = 50;
	objects = {

/* Begin PBXBuildFile section */
		3FDEB38923909DDF00967FBE /* AppDelegate.swift in Sources */ = {isa = PBXBuildFile; fileRef = 3FDEB38823909DDF00967FBE /* AppDelegate.swift */; };
		3FDEB38B23909DDF00967FBE /* ViewController.swift in Sources */ = {isa = PBXBuildFile; fileRef = 3FDEB38A23909DDF00967FBE /* ViewController.swift */; };
		3FDEB38E23909DDF00967FBE /* Main.storyboard in Resources */ = {isa = PBXBuildFile; fileRef = 3FDEB38C23909DDF00967FBE /* Main.storyboard */; };
		3FDEB39023909DE000967FBE /* Assets.xcassets in Resources */ = {isa = PBXBuildFile; fileRef = 3FDEB38F23909DE000967FBE /* Assets.xcassets */; };
		3FDEB39323909DE000967FBE /* LaunchScreen.storyboard in Resources */ = {isa = PBXBuildFile; fileRef = 3FDEB39123909DE000967FBE /* LaunchScreen.storyboard */; };
		3FDEB39E23909DE000967FBE /* QuestionTests.swift in Sources */ = {isa = PBXBuildFile; fileRef = 3FDEB39D23909DE000967FBE /* QuestionTests.swift */; };
		3FDEB3A923909DE000967FBE /* QuestionUITests.swift in Sources */ = {isa = PBXBuildFile; fileRef = 3FDEB3A823909DE000967FBE /* QuestionUITests.swift */; };
/* End PBXBuildFile section */

/* Begin PBXContainerItemProxy section */
		3FDEB39A23909DE000967FBE /* PBXContainerItemProxy */ = {
			isa = PBXContainerItemProxy;
			containerPortal = 3FDEB37D23909DDF00967FBE /* Project object */;
			proxyType = 1;
			remoteGlobalIDString = 3FDEB38423909DDF00967FBE;
			remoteInfo = Question;
		};
		3FDEB3A523909DE000967FBE /* PBXContainerItemProxy */ = {
			isa = PBXContainerItemProxy;
			containerPortal = 3FDEB37D23909DDF00967FBE /* Project object */;
			proxyType = 1;
			remoteGlobalIDString = 3FDEB38423909DDF00967FBE;
			remoteInfo = Question;
		};
/* End PBXContainerItemProxy section */

/* Begin PBXFileReference section */
		3FDEB38523909DDF00967FBE /* Question.app */ = {isa = PBXFileReference; explicitFileType = wrapper.application; includeInIndex = 0; path = Question.app; sourceTree = BUILT_PRODUCTS_DIR; };
		3FDEB38823909DDF00967FBE /* AppDelegate.swift */ = {isa = PBXFileReference; lastKnownFileType = sourcecode.swift; path = AppDelegate.swift; sourceTree = "<group>"; };
		3FDEB38A23909DDF00967FBE /* ViewController.swift */ = {isa = PBXFileReference; lastKnownFileType = sourcecode.swift; path = ViewController.swift; sourceTree = "<group>"; };
		3FDEB38D23909DDF00967FBE /* Base */ = {isa = PBXFileReference; lastKnownFileType = file.storyboard; name = Base; path = Base.lproj/Main.storyboard; sourceTree = "<group>"; };
		3FDEB38F23909DE000967FBE /* Assets.xcassets */ = {isa = PBXFileReference; lastKnownFileType = folder.assetcatalog; path = Assets.xcassets; sourceTree = "<group>"; };
		3FDEB39223909DE000967FBE /* Base */ = {isa = PBXFileReference; lastKnownFileType = file.storyboard; name = Base; path = Base.lproj/LaunchScreen.storyboard; sourceTree = "<group>"; };
		3FDEB39423909DE000967FBE /* Info.plist */ = {isa = PBXFileReference; lastKnownFileType = text.plist.xml; path = Info.plist; sourceTree = "<group>"; };
		3FDEB39923909DE000967FBE /* QuestionTests.xctest */ = {isa = PBXFileReference; explicitFileType = wrapper.cfbundle; includeInIndex = 0; path = QuestionTests.xctest; sourceTree = BUILT_PRODUCTS_DIR; };
		3FDEB39D23909DE000967FBE /* QuestionTests.swift */ = {isa = PBXFileReference; lastKnownFileType = sourcecode.swift; path = QuestionTests.swift; sourceTree = "<group>"; };
		3FDEB39F23909DE000967FBE /* Info.plist */ = {isa = PBXFileReference; lastKnownFileType = text.plist.xml; path = Info.plist; sourceTree = "<group>"; };
		3FDEB3A423909DE000967FBE /* QuestionUITests.xctest */ = {isa = PBXFileReference; explicitFileType = wrapper.cfbundle; includeInIndex = 0; path = QuestionUITests.xctest; sourceTree = BUILT_PRODUCTS_DIR; };
		3FDEB3A823909DE000967FBE /* QuestionUITests.swift */ = {isa = PBXFileReference; lastKnownFileType = sourcecode.swift; path = QuestionUITests.swift; sourceTree = "<group>"; };
		3FDEB3AA23909DE000967FBE /* Info.plist */ = {isa = PBXFileReference; lastKnownFileType = text.plist.xml; path = Info.plist; sourceTree = "<group>"; };
/* End PBXFileReference section */

/* Begin PBXFrameworksBuildPhase section */
		3FDEB38223909DDF00967FBE /* Frameworks */ = {
			isa = PBXFrameworksBuildPhase;
			buildActionMask = 2147483647;
			files = (
			);
			runOnlyForDeploymentPostprocessing = 0;
		};
		3FDEB39623909DE000967FBE /* Frameworks */ = {
			isa = PBXFrameworksBuildPhase;
			buildActionMask = 2147483647;
			files = (
			);
			runOnlyForDeploymentPostprocessing = 0;
		};
		3FDEB3A123909DE000967FBE /* Frameworks */ = {
			isa = PBXFrameworksBuildPhase;
			buildActionMask = 2147483647;
			files = (
			);
			runOnlyForDeploymentPostprocessing = 0;
		};
/* End PBXFrameworksBuildPhase section */

/* Begin PBXGroup section */
		3FDEB37C23909DDF00967FBE = {
			isa = PBXGroup;
			children = (
				3FDEB38723909DDF00967FBE /* Question */,
				3FDEB39C23909DE000967FBE /* QuestionTests */,
				3FDEB3A723909DE000967FBE /* QuestionUITests */,
				3FDEB38623909DDF00967FBE /* Products */,
			);
			sourceTree = "<group>";
		};
		3FDEB38623909DDF00967FBE /* Products */ = {
			isa = PBXGroup;
			children = (
				3FDEB38523909DDF00967FBE /* Question.app */,
				3FDEB39923909DE000967FBE /* QuestionTests.xctest */,
				3FDEB3A423909DE000967FBE /* QuestionUITests.xctest */,
			);
			name = Products;
			sourceTree = "<group>";
		};
		3FDEB38723909DDF00967FBE /* Question */ = {
			isa = PBXGroup;
			children = (
				3FDEB38823909DDF00967FBE /* AppDelegate.swift */,
				3FDEB38A23909DDF00967FBE /* ViewController.swift */,
				3FDEB38C23909DDF00967FBE /* Main.storyboard */,
				3FDEB38F23909DE000967FBE /* Assets.xcassets */,
				3FDEB39123909DE000967FBE /* LaunchScreen.storyboard */,
				3FDEB39423909DE000967FBE /* Info.plist */,
			);
			path = Question;
			sourceTree = "<group>";
		};
		3FDEB39C23909DE000967FBE /* QuestionTests */ = {
			isa = PBXGroup;
			children = (
				3FDEB39D23909DE000967FBE /* QuestionTests.swift */,
				3FDEB39F23909DE000967FBE /* Info.plist */,
			);
			path = QuestionTests;
			sourceTree = "<group>";
		};
		3FDEB3A723909DE000967FBE /* QuestionUITests */ = {
			isa = PBXGroup;
			children = (
				3FDEB3A823909DE000967FBE /* QuestionUITests.swift */,
				3FDEB3AA23909DE000967FBE /* Info.plist */,
			);
			path = QuestionUITests;
			sourceTree = "<group>";
		};
/* End PBXGroup section */

/* Begin PBXNativeTarget section */
		3FDEB38423909DDF00967FBE /* Question */ = {
			isa = PBXNativeTarget;
			buildConfigurationList = 3FDEB3AD23909DE000967FBE /* Build configuration list for PBXNativeTarget "Question" */;
			buildPhases = (
				3FDEB38123909DDF00967FBE /* Sources */,
				3FDEB38223909DDF00967FBE /* Frameworks */,
				3FDEB38323909DDF00967FBE /* Resources */,
			);
			buildRules = (
			);
			dependencies = (
			);
			name = Question;
			productName = Question;
			productReference = 3FDEB38523909DDF00967FBE /* Question.app */;
			productType = "com.apple.product-type.application";
		};
		3FDEB39823909DE000967FBE /* QuestionTests */ = {
			isa = PBXNativeTarget;
			buildConfigurationList = 3FDEB3B023909DE000967FBE /* Build configuration list for PBXNativeTarget "QuestionTests" */;
			buildPhases = (
				3FDEB39523909DE000967FBE /* Sources */,
				3FDEB39623909DE000967FBE /* Frameworks */,
				3FDEB39723909DE000967FBE /* Resources */,
			);
			buildRules = (
			);
			dependencies = (
				3FDEB39B23909DE000967FBE /* PBXTargetDependency */,
			);
			name = QuestionTests;
			productName = QuestionTests;
			productReference = 3FDEB39923909DE000967FBE /* QuestionTests.xctest */;
			productType = "com.apple.product-type.bundle.unit-test";
		};
		3FDEB3A323909DE000967FBE /* QuestionUITests */ = {
			isa = PBXNativeTarget;
			buildConfigurationList = 3FDEB3B323909DE000967FBE /* Build configuration list for PBXNativeTarget "QuestionUITests" */;
			buildPhases = (
				3FDEB3A023909DE000967FBE /* Sources */,
				3FDEB3A123909DE000967FBE /* Frameworks */,
				3FDEB3A223909DE000967FBE /* Resources */,
			);
			buildRules = (
			);
			dependencies = (
				3FDEB3A623909DE000967FBE /* PBXTargetDependency */,
			);
			name = QuestionUITests;
			productName = QuestionUITests;
			productReference = 3FDEB3A423909DE000967FBE /* QuestionUITests.xctest */;
			productType = "com.apple.product-type.bundle.ui-testing";
		};
/* End PBXNativeTarget section */

/* Begin PBXProject section */
		3FDEB37D23909DDF00967FBE /* Project object */ = {
			isa = PBXProject;
			attributes = {
				LastSwiftUpdateCheck = 1030;
				LastUpgradeCheck = 1030;
				ORGANIZATIONNAME = junai;
				TargetAttributes = {
					3FDEB38423909DDF00967FBE = {
						CreatedOnToolsVersion = 10.3;
					};
					3FDEB39823909DE000967FBE = {
						CreatedOnToolsVersion = 10.3;
						TestTargetID = 3FDEB38423909DDF00967FBE;
					};
					3FDEB3A323909DE000967FBE = {
						CreatedOnToolsVersion = 10.3;
						TestTargetID = 3FDEB38423909DDF00967FBE;
					};
				};
			};
			buildConfigurationList = 3FDEB38023909DDF00967FBE /* Build configuration list for PBXProject "Question" */;
			compatibilityVersion = "Xcode 9.3";
			developmentRegion = en;
			hasScannedForEncodings = 0;
			knownRegions = (
				en,
				Base,
			);
			mainGroup = 3FDEB37C23909DDF00967FBE;
			productRefGroup = 3FDEB38623909DDF00967FBE /* Products */;
			projectDirPath = "";
			projectRoot = "";
			targets = (
				3FDEB38423909DDF00967FBE /* Question */,
				3FDEB39823909DE000967FBE /* QuestionTests */,
				3FDEB3A323909DE000967FBE /* QuestionUITests */,
			);
		};
/* End PBXProject section */

/* Begin PBXResourcesBuildPhase section */
		3FDEB38323909DDF00967FBE /* Resources */ = {
			isa = PBXResourcesBuildPhase;
			buildActionMask = 2147483647;
			files = (
				3FDEB39323909DE000967FBE /* LaunchScreen.storyboard in Resources */,
				3FDEB39023909DE000967FBE /* Assets.xcassets in Resources */,
				3FDEB38E23909DDF00967FBE /* Main.storyboard in Resources */,
			);
			runOnlyForDeploymentPostprocessing = 0;
		};
		3FDEB39723909DE000967FBE /* Resources */ = {
			isa = PBXResourcesBuildPhase;
			buildActionMask = 2147483647;
			files = (
			);
			runOnlyForDeploymentPostprocessing = 0;
		};
		3FDEB3A223909DE000967FBE /* Resources */ = {
			isa = PBXResourcesBuildPhase;
			buildActionMask = 2147483647;
			files = (
			);
			runOnlyForDeploymentPostprocessing = 0;
		};
/* End PBXResourcesBuildPhase section */

/* Begin PBXSourcesBuildPhase section */
		3FDEB38123909DDF00967FBE /* Sources */ = {
			isa = PBXSourcesBuildPhase;
			buildActionMask = 2147483647;
			files = (
				3FDEB38B23909DDF00967FBE /* ViewController.swift in Sources */,
				3FDEB38923909DDF00967FBE /* AppDelegate.swift in Sources */,
			);
			runOnlyForDeploymentPostprocessing = 0;
		};
		3FDEB39523909DE000967FBE /* Sources */ = {
			isa = PBXSourcesBuildPhase;
			buildActionMask = 2147483647;
			files = (
				3FDEB39E23909DE000967FBE /* QuestionTests.swift in Sources */,
			);
			runOnlyForDeploymentPostprocessing = 0;
		};
		3FDEB3A023909DE000967FBE /* Sources */ = {
			isa = PBXSourcesBuildPhase;
			buildActionMask = 2147483647;
			files = (
				3FDEB3A923909DE000967FBE /* QuestionUITests.swift in Sources */,
			);
			runOnlyForDeploymentPostprocessing = 0;
		};
/* End PBXSourcesBuildPhase section */

/* Begin PBXTargetDependency section */
		3FDEB39B23909DE000967FBE /* PBXTargetDependency */ = {
			isa = PBXTargetDependency;
			target = 3FDEB38423909DDF00967FBE /* Question */;
			targetProxy = 3FDEB39A23909DE000967FBE /* PBXContainerItemProxy */;
		};
		3FDEB3A623909DE000967FBE /* PBXTargetDependency */ = {
			isa = PBXTargetDependency;
			target = 3FDEB38423909DDF00967FBE /* Question */;
			targetProxy = 3FDEB3A523909DE000967FBE /* PBXContainerItemProxy */;
		};
/* End PBXTargetDependency section */

/* Begin PBXVariantGroup section */
		3FDEB38C23909DDF00967FBE /* Main.storyboard */ = {
			isa = PBXVariantGroup;
			children = (
				3FDEB38D23909DDF00967FBE /* Base */,
			);
			name = Main.storyboard;
			sourceTree = "<group>";
		};
		3FDEB39123909DE000967FBE /* LaunchScreen.storyboard */ = {
			isa = PBXVariantGroup;
			children = (
				3FDEB39223909DE000967FBE /* Base */,
			);
			name = LaunchScreen.storyboard;
			sourceTree = "<group>";
		};
/* End PBXVariantGroup section */

/* Begin XCBuildConfiguration section */
		3FDEB3AB23909DE000967FBE /* Debug */ = {
			isa = XCBuildConfiguration;
			buildSettings = {
				ALWAYS_SEARCH_USER_PATHS = NO;
				CLANG_ANALYZER_NONNULL = YES;
				CLANG_ANALYZER_NUMBER_OBJECT_CONVERSION = YES_AGGRESSIVE;
				CLANG_CXX_LANGUAGE_STANDARD = "gnu++14";
				CLANG_CXX_LIBRARY = "libc++";
				CLANG_ENABLE_MODULES = YES;
				CLANG_ENABLE_OBJC_ARC = YES;
				CLANG_ENABLE_OBJC_WEAK = YES;
				CLANG_WARN_BLOCK_CAPTURE_AUTORELEASING = YES;
				CLANG_WARN_BOOL_CONVERSION = YES;
				CLANG_WARN_COMMA = YES;
				CLANG_WARN_CONSTANT_CONVERSION = YES;
				CLANG_WARN_DEPRECATED_OBJC_IMPLEMENTATIONS = YES;
				CLANG_WARN_DIRECT_OBJC_ISA_USAGE = YES_ERROR;
				CLANG_WARN_DOCUMENTATION_COMMENTS = YES;
				CLANG_WARN_EMPTY_BODY = YES;
				CLANG_WARN_ENUM_CONVERSION = YES;
				CLANG_WARN_INFINITE_RECURSION = YES;
				CLANG_WARN_INT_CONVERSION = YES;
				CLANG_WARN_NON_LITERAL_NULL_CONVERSION = YES;
				CLANG_WARN_OBJC_IMPLICIT_RETAIN_SELF = YES;
				CLANG_WARN_OBJC_LITERAL_CONVERSION = YES;
				CLANG_WARN_OBJC_ROOT_CLASS = YES_ERROR;
				CLANG_WARN_RANGE_LOOP_ANALYSIS = YES;
				CLANG_WARN_STRICT_PROTOTYPES = YES;
				CLANG_WARN_SUSPICIOUS_MOVE = YES;
				CLANG_WARN_UNGUARDED_AVAILABILITY = YES_AGGRESSIVE;
				CLANG_WARN_UNREACHABLE_CODE = YES;
				CLANG_WARN__DUPLICATE_METHOD_MATCH = YES;
				CODE_SIGN_IDENTITY = "iPhone Developer";
				COPY_PHASE_STRIP = NO;
				DEBUG_INFORMATION_FORMAT = dwarf;
				ENABLE_STRICT_OBJC_MSGSEND = YES;
				ENABLE_TESTABILITY = YES;
				GCC_C_LANGUAGE_STANDARD = gnu11;
				GCC_DYNAMIC_NO_PIC = NO;
				GCC_NO_COMMON_BLOCKS = YES;
				GCC_OPTIMIZATION_LEVEL = 0;
				GCC_PREPROCESSOR_DEFINITIONS = (
					"DEBUG=1",
					"$(inherited)",
				);
				GCC_WARN_64_TO_32_BIT_CONVERSION = YES;
				GCC_WARN_ABOUT_RETURN_TYPE = YES_ERROR;
				GCC_WARN_UNDECLARED_SELECTOR = YES;
				GCC_WARN_UNINITIALIZED_AUTOS = YES_AGGRESSIVE;
				GCC_WARN_UNUSED_FUNCTION = YES;
				GCC_WARN_UNUSED_VARIABLE = YES;
				IPHONEOS_DEPLOYMENT_TARGET = 12.4;
				MTL_ENABLE_DEBUG_INFO = INCLUDE_SOURCE;
				MTL_FAST_MATH = YES;
				ONLY_ACTIVE_ARCH = YES;
				SDKROOT = iphoneos;
				SWIFT_ACTIVE_COMPILATION_CONDITIONS = DEBUG;
				SWIFT_OPTIMIZATION_LEVEL = "-Onone";
			};
			name = Debug;
		};
		3FDEB3AC23909DE000967FBE /* Release */ = {
			isa = XCBuildConfiguration;
			buildSettings = {
				ALWAYS_SEARCH_USER_PATHS = NO;
				CLANG_ANALYZER_NONNULL = YES;
				CLANG_ANALYZER_NUMBER_OBJECT_CONVERSION = YES_AGGRESSIVE;
				CLANG_CXX_LANGUAGE_STANDARD = "gnu++14";
				CLANG_CXX_LIBRARY = "libc++";
				CLANG_ENABLE_MODULES = YES;
				CLANG_ENABLE_OBJC_ARC = YES;
				CLANG_ENABLE_OBJC_WEAK = YES;
				CLANG_WARN_BLOCK_CAPTURE_AUTORELEASING = YES;
				CLANG_WARN_BOOL_CONVERSION = YES;
				CLANG_WARN_COMMA = YES;
				CLANG_WARN_CONSTANT_CONVERSION = YES;
				CLANG_WARN_DEPRECATED_OBJC_IMPLEMENTATIONS = YES;
				CLANG_WARN_DIRECT_OBJC_ISA_USAGE = YES_ERROR;
				CLANG_WARN_DOCUMENTATION_COMMENTS = YES;
				CLANG_WARN_EMPTY_BODY = YES;
				CLANG_WARN_ENUM_CONVERSION = YES;
				CLANG_WARN_INFINITE_RECURSION = YES;
				CLANG_WARN_INT_CONVERSION = YES;
				CLANG_WARN_NON_LITERAL_NULL_CONVERSION = YES;
				CLANG_WARN_OBJC_IMPLICIT_RETAIN_SELF = YES;
				CLANG_WARN_OBJC_LITERAL_CONVERSION = YES;
				CLANG_WARN_OBJC_ROOT_CLASS = YES_ERROR;
				CLANG_WARN_RANGE_LOOP_ANALYSIS = YES;
				CLANG_WARN_STRICT_PROTOTYPES = YES;
				CLANG_WARN_SUSPICIOUS_MOVE = YES;
				CLANG_WARN_UNGUARDED_AVAILABILITY = YES_AGGRESSIVE;
				CLANG_WARN_UNREACHABLE_CODE = YES;
				CLANG_WARN__DUPLICATE_METHOD_MATCH = YES;
				CODE_SIGN_IDENTITY = "iPhone Developer";
				COPY_PHASE_STRIP = NO;
				DEBUG_INFORMATION_FORMAT = "dwarf-with-dsym";
				ENABLE_NS_ASSERTIONS = NO;
				ENABLE_STRICT_OBJC_MSGSEND = YES;
				GCC_C_LANGUAGE_STANDARD = gnu11;
				GCC_NO_COMMON_BLOCKS = YES;
				GCC_WARN_64_TO_32_BIT_CONVERSION = YES;
				GCC_WARN_ABOUT_RETURN_TYPE = YES_ERROR;
				GCC_WARN_UNDECLARED_SELECTOR = YES;
				GCC_WARN_UNINITIALIZED_AUTOS = YES_AGGRESSIVE;
				GCC_WARN_UNUSED_FUNCTION = YES;
				GCC_WARN_UNUSED_VARIABLE = YES;
				IPHONEOS_DEPLOYMENT_TARGET = 12.4;
				MTL_ENABLE_DEBUG_INFO = NO;
				MTL_FAST_MATH = YES;
				SDKROOT = iphoneos;
				SWIFT_COMPILATION_MODE = wholemodule;
				SWIFT_OPTIMIZATION_LEVEL = "-O";
				VALIDATE_PRODUCT = YES;
			};
			name = Release;
		};
		3FDEB3AE23909DE000967FBE /* Debug */ = {
			isa = XCBuildConfiguration;
			buildSettings = {
				ASSETCATALOG_COMPILER_APPICON_NAME = AppIcon;
				CODE_SIGN_STYLE = Automatic;
				INFOPLIST_FILE = Question/Info.plist;
				LD_RUNPATH_SEARCH_PATHS = (
					"$(inherited)",
					"@executable_path/Frameworks",
				);
				PRODUCT_BUNDLE_IDENTIFIER = cn.edu.imnu.Question;
				PRODUCT_NAME = "$(TARGET_NAME)";
				SWIFT_VERSION = 5.0;
				TARGETED_DEVICE_FAMILY = "1,2";
			};
			name = Debug;
		};
		3FDEB3AF23909DE000967FBE /* Release */ = {
			isa = XCBuildConfiguration;
			buildSettings = {
				ASSETCATALOG_COMPILER_APPICON_NAME = AppIcon;
				CODE_SIGN_STYLE = Automatic;
				INFOPLIST_FILE = Question/Info.plist;
				LD_RUNPATH_SEARCH_PATHS = (
					"$(inherited)",
					"@executable_path/Frameworks",
				);
				PRODUCT_BUNDLE_IDENTIFIER = cn.edu.imnu.Question;
				PRODUCT_NAME = "$(TARGET_NAME)";
				SWIFT_VERSION = 5.0;
				TARGETED_DEVICE_FAMILY = "1,2";
			};
			name = Release;
		};
		3FDEB3B123909DE000967FBE /* Debug */ = {
			isa = XCBuildConfiguration;
			buildSettings = {
				ALWAYS_EMBED_SWIFT_STANDARD_LIBRARIES = YES;
				BUNDLE_LOADER = "$(TEST_HOST)";
				CODE_SIGN_STYLE = Automatic;
				INFOPLIST_FILE = QuestionTests/Info.plist;
				LD_RUNPATH_SEARCH_PATHS = (
					"$(inherited)",
					"@executable_path/Frameworks",
					"@loader_path/Frameworks",
				);
				PRODUCT_BUNDLE_IDENTIFIER = cn.edu.imnu.QuestionTests;
				PRODUCT_NAME = "$(TARGET_NAME)";
				SWIFT_VERSION = 5.0;
				TARGETED_DEVICE_FAMILY = "1,2";
				TEST_HOST = "$(BUILT_PRODUCTS_DIR)/Question.app/Question";
			};
			name = Debug;
		};
		3FDEB3B223909DE000967FBE /* Release */ = {
			isa = XCBuildConfiguration;
			buildSettings = {
				ALWAYS_EMBED_SWIFT_STANDARD_LIBRARIES = YES;
				BUNDLE_LOADER = "$(TEST_HOST)";
				CODE_SIGN_STYLE = Automatic;
				INFOPLIST_FILE = QuestionTests/Info.plist;
				LD_RUNPATH_SEARCH_PATHS = (
					"$(inherited)",
					"@executable_path/Frameworks",
					"@loader_path/Frameworks",
				);
				PRODUCT_BUNDLE_IDENTIFIER = cn.edu.imnu.QuestionTests;
				PRODUCT_NAME = "$(TARGET_NAME)";
				SWIFT_VERSION = 5.0;
				TARGETED_DEVICE_FAMILY = "1,2";
				TEST_HOST = "$(BUILT_PRODUCTS_DIR)/Question.app/Question";
			};
			name = Release;
		};
		3FDEB3B423909DE000967FBE /* Debug */ = {
			isa = XCBuildConfiguration;
			buildSettings = {
				ALWAYS_EMBED_SWIFT_STANDARD_LIBRARIES = YES;
				CODE_SIGN_STYLE = Automatic;
				INFOPLIST_FILE = QuestionUITests/Info.plist;
				LD_RUNPATH_SEARCH_PATHS = (
					"$(inherited)",
					"@executable_path/Frameworks",
					"@loader_path/Frameworks",
				);
				PRODUCT_BUNDLE_IDENTIFIER = cn.edu.imnu.QuestionUITests;
				PRODUCT_NAME = "$(TARGET_NAME)";
				SWIFT_VERSION = 5.0;
				TARGETED_DEVICE_FAMILY = "1,2";
				TEST_TARGET_NAME = Question;
			};
			name = Debug;
		};
		3FDEB3B523909DE000967FBE /* Release */ = {
			isa = XCBuildConfiguration;
			buildSettings = {
				ALWAYS_EMBED_SWIFT_STANDARD_LIBRARIES = YES;
				CODE_SIGN_STYLE = Automatic;
				INFOPLIST_FILE = QuestionUITests/Info.plist;
				LD_RUNPATH_SEARCH_PATHS = (
					"$(inherited)",
					"@executable_path/Frameworks",
					"@loader_path/Frameworks",
				);
				PRODUCT_BUNDLE_IDENTIFIER = cn.edu.imnu.QuestionUITests;
				PRODUCT_NAME = "$(TARGET_NAME)";
				SWIFT_VERSION = 5.0;
				TARGETED_DEVICE_FAMILY = "1,2";
				TEST_TARGET_NAME = Question;
			};
			name = Release;
		};
/* End XCBuildConfiguration section */

/* Begin XCConfigurationList section */
		3FDEB38023909DDF00967FBE /* Build configuration list for PBXProject "Question" */ = {
			isa = XCConfigurationList;
			buildConfigurations = (
				3FDEB3AB23909DE000967FBE /* Debug */,
				3FDEB3AC23909DE000967FBE /* Release */,
			);
			defaultConfigurationIsVisible = 0;
			defaultConfigurationName = Release;
		};
		3FDEB3AD23909DE000967FBE /* Build configuration list for PBXNativeTarget "Question" */ = {
			isa = XCConfigurationList;
			buildConfigurations = (
				3FDEB3AE23909DE000967FBE /* Debug */,
				3FDEB3AF23909DE000967FBE /* Release */,
			);
			defaultConfigurationIsVisible = 0;
			defaultConfigurationName = Release;
		};
		3FDEB3B023909DE000967FBE /* Build configuration list for PBXNativeTarget "QuestionTests" */ = {
			isa = XCConfigurationList;
			buildConfigurations = (
				3FDEB3B123909DE000967FBE /* Debug */,
				3FDEB3B223909DE000967FBE /* Release */,
			);
			defaultConfigurationIsVisible = 0;
			defaultConfigurationName = Release;
		};
		3FDEB3B323909DE000967FBE /* Build configuration list for PBXNativeTarget "QuestionUITests" */ = {
			isa = XCConfigurationList;
			buildConfigurations = (
				3FDEB3B423909DE000967FBE /* Debug */,
				3FDEB3B523909DE000967FBE /* Release */,
			);
			defaultConfigurationIsVisible = 0;
			defaultConfigurationName = Release;
		};
/* End XCConfigurationList section */
	};
	rootObject = 3FDEB37D23909DDF00967FBE /* Project object */;
}
