// !$*UTF8*$!
{
	archiveVersion = 1;
	classes = {
	};
	objectVersion = 50;
	objects = {

/* Begin PBXBuildFile section */
		F583B656236BB43F00B0F749 /* AppDelegate.swift in Sources */ = {isa = PBXBuildFile; fileRef = F583B655236BB43F00B0F749 /* AppDelegate.swift */; };
		F583B658236BB43F00B0F749 /* SceneDelegate.swift in Sources */ = {isa = PBXBuildFile; fileRef = F583B657236BB43F00B0F749 /* SceneDelegate.swift */; };
		F583B65A236BB43F00B0F749 /* ViewController.swift in Sources */ = {isa = PBXBuildFile; fileRef = F583B659236BB43F00B0F749 /* ViewController.swift */; };
		F583B65D236BB43F00B0F749 /* Main.storyboard in Resources */ = {isa = PBXBuildFile; fileRef = F583B65B236BB43F00B0F749 /* Main.storyboard */; };
		F583B65F236BB44900B0F749 /* Assets.xcassets in Resources */ = {isa = PBXBuildFile; fileRef = F583B65E236BB44900B0F749 /* Assets.xcassets */; };
		F583B662236BB44900B0F749 /* LaunchScreen.storyboard in Resources */ = {isa = PBXBuildFile; fileRef = F583B660236BB44900B0F749 /* LaunchScreen.storyboard */; };
		F583B66D236BB44A00B0F749 /* _____Tests.swift in Sources */ = {isa = PBXBuildFile; fileRef = F583B66C236BB44A00B0F749 /* _____Tests.swift */; };
		F583B678236BB44A00B0F749 /* _____UITests.swift in Sources */ = {isa = PBXBuildFile; fileRef = F583B677236BB44A00B0F749 /* _____UITests.swift */; };
/* End PBXBuildFile section */

/* Begin PBXContainerItemProxy section */
		F583B669236BB44A00B0F749 /* PBXContainerItemProxy */ = {
			isa = PBXContainerItemProxy;
			containerPortal = F583B64A236BB43E00B0F749 /* Project object */;
			proxyType = 1;
			remoteGlobalIDString = F583B651236BB43F00B0F749;
			remoteInfo = "普通计算器";
		};
		F583B674236BB44A00B0F749 /* PBXContainerItemProxy */ = {
			isa = PBXContainerItemProxy;
			containerPortal = F583B64A236BB43E00B0F749 /* Project object */;
			proxyType = 1;
			remoteGlobalIDString = F583B651236BB43F00B0F749;
			remoteInfo = "普通计算器";
		};
/* End PBXContainerItemProxy section */

/* Begin PBXFileReference section */
		F583B652236BB43F00B0F749 /* 普通计算器.app */ = {isa = PBXFileReference; explicitFileType = wrapper.application; includeInIndex = 0; path = "普通计算器.app"; sourceTree = BUILT_PRODUCTS_DIR; };
		F583B655236BB43F00B0F749 /* AppDelegate.swift */ = {isa = PBXFileReference; lastKnownFileType = sourcecode.swift; path = AppDelegate.swift; sourceTree = "<group>"; };
		F583B657236BB43F00B0F749 /* SceneDelegate.swift */ = {isa = PBXFileReference; lastKnownFileType = sourcecode.swift; path = SceneDelegate.swift; sourceTree = "<group>"; };
		F583B659236BB43F00B0F749 /* ViewController.swift */ = {isa = PBXFileReference; lastKnownFileType = sourcecode.swift; path = ViewController.swift; sourceTree = "<group>"; };
		F583B65C236BB43F00B0F749 /* Base */ = {isa = PBXFileReference; lastKnownFileType = file.storyboard; name = Base; path = Base.lproj/Main.storyboard; sourceTree = "<group>"; };
		F583B65E236BB44900B0F749 /* Assets.xcassets */ = {isa = PBXFileReference; lastKnownFileType = folder.assetcatalog; path = Assets.xcassets; sourceTree = "<group>"; };
		F583B661236BB44900B0F749 /* Base */ = {isa = PBXFileReference; lastKnownFileType = file.storyboard; name = Base; path = Base.lproj/LaunchScreen.storyboard; sourceTree = "<group>"; };
		F583B663236BB44900B0F749 /* Info.plist */ = {isa = PBXFileReference; lastKnownFileType = text.plist.xml; path = Info.plist; sourceTree = "<group>"; };
		F583B668236BB44A00B0F749 /* 普通计算器Tests.xctest */ = {isa = PBXFileReference; explicitFileType = wrapper.cfbundle; includeInIndex = 0; path = "普通计算器Tests.xctest"; sourceTree = BUILT_PRODUCTS_DIR; };
		F583B66C236BB44A00B0F749 /* _____Tests.swift */ = {isa = PBXFileReference; lastKnownFileType = sourcecode.swift; path = "_____Tests.swift"; sourceTree = "<group>"; };
		F583B66E236BB44A00B0F749 /* Info.plist */ = {isa = PBXFileReference; lastKnownFileType = text.plist.xml; path = Info.plist; sourceTree = "<group>"; };
		F583B673236BB44A00B0F749 /* 普通计算器UITests.xctest */ = {isa = PBXFileReference; explicitFileType = wrapper.cfbundle; includeInIndex = 0; path = "普通计算器UITests.xctest"; sourceTree = BUILT_PRODUCTS_DIR; };
		F583B677236BB44A00B0F749 /* _____UITests.swift */ = {isa = PBXFileReference; lastKnownFileType = sourcecode.swift; path = "_____UITests.swift"; sourceTree = "<group>"; };
		F583B679236BB44A00B0F749 /* Info.plist */ = {isa = PBXFileReference; lastKnownFileType = text.plist.xml; path = Info.plist; sourceTree = "<group>"; };
/* End PBXFileReference section */

/* Begin PBXFrameworksBuildPhase section */
		F583B64F236BB43F00B0F749 /* Frameworks */ = {
			isa = PBXFrameworksBuildPhase;
			buildActionMask = 2147483647;
			files = (
			);
			runOnlyForDeploymentPostprocessing = 0;
		};
		F583B665236BB44A00B0F749 /* Frameworks */ = {
			isa = PBXFrameworksBuildPhase;
			buildActionMask = 2147483647;
			files = (
			);
			runOnlyForDeploymentPostprocessing = 0;
		};
		F583B670236BB44A00B0F749 /* Frameworks */ = {
			isa = PBXFrameworksBuildPhase;
			buildActionMask = 2147483647;
			files = (
			);
			runOnlyForDeploymentPostprocessing = 0;
		};
/* End PBXFrameworksBuildPhase section */

/* Begin PBXGroup section */
		F583B649236BB43E00B0F749 = {
			isa = PBXGroup;
			children = (
				F583B654236BB43F00B0F749 /* 普通计算器 */,
				F583B66B236BB44A00B0F749 /* 普通计算器Tests */,
				F583B676236BB44A00B0F749 /* 普通计算器UITests */,
				F583B653236BB43F00B0F749 /* Products */,
			);
			sourceTree = "<group>";
		};
		F583B653236BB43F00B0F749 /* Products */ = {
			isa = PBXGroup;
			children = (
				F583B652236BB43F00B0F749 /* 普通计算器.app */,
				F583B668236BB44A00B0F749 /* 普通计算器Tests.xctest */,
				F583B673236BB44A00B0F749 /* 普通计算器UITests.xctest */,
			);
			name = Products;
			sourceTree = "<group>";
		};
		F583B654236BB43F00B0F749 /* 普通计算器 */ = {
			isa = PBXGroup;
			children = (
				F583B655236BB43F00B0F749 /* AppDelegate.swift */,
				F583B657236BB43F00B0F749 /* SceneDelegate.swift */,
				F583B659236BB43F00B0F749 /* ViewController.swift */,
				F583B65B236BB43F00B0F749 /* Main.storyboard */,
				F583B65E236BB44900B0F749 /* Assets.xcassets */,
				F583B660236BB44900B0F749 /* LaunchScreen.storyboard */,
				F583B663236BB44900B0F749 /* Info.plist */,
			);
			path = "普通计算器";
			sourceTree = "<group>";
		};
		F583B66B236BB44A00B0F749 /* 普通计算器Tests */ = {
			isa = PBXGroup;
			children = (
				F583B66C236BB44A00B0F749 /* _____Tests.swift */,
				F583B66E236BB44A00B0F749 /* Info.plist */,
			);
			path = "普通计算器Tests";
			sourceTree = "<group>";
		};
		F583B676236BB44A00B0F749 /* 普通计算器UITests */ = {
			isa = PBXGroup;
			children = (
				F583B677236BB44A00B0F749 /* _____UITests.swift */,
				F583B679236BB44A00B0F749 /* Info.plist */,
			);
			path = "普通计算器UITests";
			sourceTree = "<group>";
		};
/* End PBXGroup section */

/* Begin PBXNativeTarget section */
		F583B651236BB43F00B0F749 /* 普通计算器 */ = {
			isa = PBXNativeTarget;
			buildConfigurationList = F583B67C236BB44A00B0F749 /* Build configuration list for PBXNativeTarget "普通计算器" */;
			buildPhases = (
				F583B64E236BB43F00B0F749 /* Sources */,
				F583B64F236BB43F00B0F749 /* Frameworks */,
				F583B650236BB43F00B0F749 /* Resources */,
			);
			buildRules = (
			);
			dependencies = (
			);
			name = "普通计算器";
			productName = "普通计算器";
			productReference = F583B652236BB43F00B0F749 /* 普通计算器.app */;
			productType = "com.apple.product-type.application";
		};
		F583B667236BB44A00B0F749 /* 普通计算器Tests */ = {
			isa = PBXNativeTarget;
			buildConfigurationList = F583B67F236BB44A00B0F749 /* Build configuration list for PBXNativeTarget "普通计算器Tests" */;
			buildPhases = (
				F583B664236BB44A00B0F749 /* Sources */,
				F583B665236BB44A00B0F749 /* Frameworks */,
				F583B666236BB44A00B0F749 /* Resources */,
			);
			buildRules = (
			);
			dependencies = (
				F583B66A236BB44A00B0F749 /* PBXTargetDependency */,
			);
			name = "普通计算器Tests";
			productName = "普通计算器Tests";
			productReference = F583B668236BB44A00B0F749 /* 普通计算器Tests.xctest */;
			productType = "com.apple.product-type.bundle.unit-test";
		};
		F583B672236BB44A00B0F749 /* 普通计算器UITests */ = {
			isa = PBXNativeTarget;
			buildConfigurationList = F583B682236BB44A00B0F749 /* Build configuration list for PBXNativeTarget "普通计算器UITests" */;
			buildPhases = (
				F583B66F236BB44A00B0F749 /* Sources */,
				F583B670236BB44A00B0F749 /* Frameworks */,
				F583B671236BB44A00B0F749 /* Resources */,
			);
			buildRules = (
			);
			dependencies = (
				F583B675236BB44A00B0F749 /* PBXTargetDependency */,
			);
			name = "普通计算器UITests";
			productName = "普通计算器UITests";
			productReference = F583B673236BB44A00B0F749 /* 普通计算器UITests.xctest */;
			productType = "com.apple.product-type.bundle.ui-testing";
		};
/* End PBXNativeTarget section */

/* Begin PBXProject section */
		F583B64A236BB43E00B0F749 /* Project object */ = {
			isa = PBXProject;
			attributes = {
				LastSwiftUpdateCheck = 1110;
				LastUpgradeCheck = 1110;
				ORGANIZATIONNAME = bailv;
				TargetAttributes = {
					F583B651236BB43F00B0F749 = {
						CreatedOnToolsVersion = 11.1;
					};
					F583B667236BB44A00B0F749 = {
						CreatedOnToolsVersion = 11.1;
						TestTargetID = F583B651236BB43F00B0F749;
					};
					F583B672236BB44A00B0F749 = {
						CreatedOnToolsVersion = 11.1;
						TestTargetID = F583B651236BB43F00B0F749;
					};
				};
			};
			buildConfigurationList = F583B64D236BB43E00B0F749 /* Build configuration list for PBXProject "普通计算器" */;
			compatibilityVersion = "Xcode 9.3";
			developmentRegion = en;
			hasScannedForEncodings = 0;
			knownRegions = (
				en,
				Base,
			);
			mainGroup = F583B649236BB43E00B0F749;
			productRefGroup = F583B653236BB43F00B0F749 /* Products */;
			projectDirPath = "";
			projectRoot = "";
			targets = (
				F583B651236BB43F00B0F749 /* 普通计算器 */,
				F583B667236BB44A00B0F749 /* 普通计算器Tests */,
				F583B672236BB44A00B0F749 /* 普通计算器UITests */,
			);
		};
/* End PBXProject section */

/* Begin PBXResourcesBuildPhase section */
		F583B650236BB43F00B0F749 /* Resources */ = {
			isa = PBXResourcesBuildPhase;
			buildActionMask = 2147483647;
			files = (
				F583B662236BB44900B0F749 /* LaunchScreen.storyboard in Resources */,
				F583B65F236BB44900B0F749 /* Assets.xcassets in Resources */,
				F583B65D236BB43F00B0F749 /* Main.storyboard in Resources */,
			);
			runOnlyForDeploymentPostprocessing = 0;
		};
		F583B666236BB44A00B0F749 /* Resources */ = {
			isa = PBXResourcesBuildPhase;
			buildActionMask = 2147483647;
			files = (
			);
			runOnlyForDeploymentPostprocessing = 0;
		};
		F583B671236BB44A00B0F749 /* Resources */ = {
			isa = PBXResourcesBuildPhase;
			buildActionMask = 2147483647;
			files = (
			);
			runOnlyForDeploymentPostprocessing = 0;
		};
/* End PBXResourcesBuildPhase section */

/* Begin PBXSourcesBuildPhase section */
		F583B64E236BB43F00B0F749 /* Sources */ = {
			isa = PBXSourcesBuildPhase;
			buildActionMask = 2147483647;
			files = (
				F583B65A236BB43F00B0F749 /* ViewController.swift in Sources */,
				F583B656236BB43F00B0F749 /* AppDelegate.swift in Sources */,
				F583B658236BB43F00B0F749 /* SceneDelegate.swift in Sources */,
			);
			runOnlyForDeploymentPostprocessing = 0;
		};
		F583B664236BB44A00B0F749 /* Sources */ = {
			isa = PBXSourcesBuildPhase;
			buildActionMask = 2147483647;
			files = (
				F583B66D236BB44A00B0F749 /* _____Tests.swift in Sources */,
			);
			runOnlyForDeploymentPostprocessing = 0;
		};
		F583B66F236BB44A00B0F749 /* Sources */ = {
			isa = PBXSourcesBuildPhase;
			buildActionMask = 2147483647;
			files = (
				F583B678236BB44A00B0F749 /* _____UITests.swift in Sources */,
			);
			runOnlyForDeploymentPostprocessing = 0;
		};
/* End PBXSourcesBuildPhase section */

/* Begin PBXTargetDependency section */
		F583B66A236BB44A00B0F749 /* PBXTargetDependency */ = {
			isa = PBXTargetDependency;
			target = F583B651236BB43F00B0F749 /* 普通计算器 */;
			targetProxy = F583B669236BB44A00B0F749 /* PBXContainerItemProxy */;
		};
		F583B675236BB44A00B0F749 /* PBXTargetDependency */ = {
			isa = PBXTargetDependency;
			target = F583B651236BB43F00B0F749 /* 普通计算器 */;
			targetProxy = F583B674236BB44A00B0F749 /* PBXContainerItemProxy */;
		};
/* End PBXTargetDependency section */

/* Begin PBXVariantGroup section */
		F583B65B236BB43F00B0F749 /* Main.storyboard */ = {
			isa = PBXVariantGroup;
			children = (
				F583B65C236BB43F00B0F749 /* Base */,
			);
			name = Main.storyboard;
			sourceTree = "<group>";
		};
		F583B660236BB44900B0F749 /* LaunchScreen.storyboard */ = {
			isa = PBXVariantGroup;
			children = (
				F583B661236BB44900B0F749 /* Base */,
			);
			name = LaunchScreen.storyboard;
			sourceTree = "<group>";
		};
/* End PBXVariantGroup section */

/* Begin XCBuildConfiguration section */
		F583B67A236BB44A00B0F749 /* Debug */ = {
			isa = XCBuildConfiguration;
			buildSettings = {
				ALWAYS_SEARCH_USER_PATHS = NO;
				CLANG_ANALYZER_NONNULL = YES;
				CLANG_ANALYZER_NUMBER_OBJECT_CONVERSION = YES_AGGRESSIVE;
				CLANG_CXX_LANGUAGE_STANDARD = "gnu++14";
				CLANG_CXX_LIBRARY = "libc++";
				CLANG_ENABLE_MODULES = YES;
				CLANG_ENABLE_OBJC_ARC = YES;
				CLANG_ENABLE_OBJC_WEAK = YES;
				CLANG_WARN_BLOCK_CAPTURE_AUTORELEASING = YES;
				CLANG_WARN_BOOL_CONVERSION = YES;
				CLANG_WARN_COMMA = YES;
				CLANG_WARN_CONSTANT_CONVERSION = YES;
				CLANG_WARN_DEPRECATED_OBJC_IMPLEMENTATIONS = YES;
				CLANG_WARN_DIRECT_OBJC_ISA_USAGE = YES_ERROR;
				CLANG_WARN_DOCUMENTATION_COMMENTS = YES;
				CLANG_WARN_EMPTY_BODY = YES;
				CLANG_WARN_ENUM_CONVERSION = YES;
				CLANG_WARN_INFINITE_RECURSION = YES;
				CLANG_WARN_INT_CONVERSION = YES;
				CLANG_WARN_NON_LITERAL_NULL_CONVERSION = YES;
				CLANG_WARN_OBJC_IMPLICIT_RETAIN_SELF = YES;
				CLANG_WARN_OBJC_LITERAL_CONVERSION = YES;
				CLANG_WARN_OBJC_ROOT_CLASS = YES_ERROR;
				CLANG_WARN_RANGE_LOOP_ANALYSIS = YES;
				CLANG_WARN_STRICT_PROTOTYPES = YES;
				CLANG_WARN_SUSPICIOUS_MOVE = YES;
				CLANG_WARN_UNGUARDED_AVAILABILITY = YES_AGGRESSIVE;
				CLANG_WARN_UNREACHABLE_CODE = YES;
				CLANG_WARN__DUPLICATE_METHOD_MATCH = YES;
				COPY_PHASE_STRIP = NO;
				DEBUG_INFORMATION_FORMAT = dwarf;
				ENABLE_STRICT_OBJC_MSGSEND = YES;
				ENABLE_TESTABILITY = YES;
				GCC_C_LANGUAGE_STANDARD = gnu11;
				GCC_DYNAMIC_NO_PIC = NO;
				GCC_NO_COMMON_BLOCKS = YES;
				GCC_OPTIMIZATION_LEVEL = 0;
				GCC_PREPROCESSOR_DEFINITIONS = (
					"DEBUG=1",
					"$(inherited)",
				);
				GCC_WARN_64_TO_32_BIT_CONVERSION = YES;
				GCC_WARN_ABOUT_RETURN_TYPE = YES_ERROR;
				GCC_WARN_UNDECLARED_SELECTOR = YES;
				GCC_WARN_UNINITIALIZED_AUTOS = YES_AGGRESSIVE;
				GCC_WARN_UNUSED_FUNCTION = YES;
				GCC_WARN_UNUSED_VARIABLE = YES;
				IPHONEOS_DEPLOYMENT_TARGET = 13.1;
				MTL_ENABLE_DEBUG_INFO = INCLUDE_SOURCE;
				MTL_FAST_MATH = YES;
				ONLY_ACTIVE_ARCH = YES;
				SDKROOT = iphoneos;
				SWIFT_ACTIVE_COMPILATION_CONDITIONS = DEBUG;
				SWIFT_OPTIMIZATION_LEVEL = "-Onone";
			};
			name = Debug;
		};
		F583B67B236BB44A00B0F749 /* Release */ = {
			isa = XCBuildConfiguration;
			buildSettings = {
				ALWAYS_SEARCH_USER_PATHS = NO;
				CLANG_ANALYZER_NONNULL = YES;
				CLANG_ANALYZER_NUMBER_OBJECT_CONVERSION = YES_AGGRESSIVE;
				CLANG_CXX_LANGUAGE_STANDARD = "gnu++14";
				CLANG_CXX_LIBRARY = "libc++";
				CLANG_ENABLE_MODULES = YES;
				CLANG_ENABLE_OBJC_ARC = YES;
				CLANG_ENABLE_OBJC_WEAK = YES;
				CLANG_WARN_BLOCK_CAPTURE_AUTORELEASING = YES;
				CLANG_WARN_BOOL_CONVERSION = YES;
				CLANG_WARN_COMMA = YES;
				CLANG_WARN_CONSTANT_CONVERSION = YES;
				CLANG_WARN_DEPRECATED_OBJC_IMPLEMENTATIONS = YES;
				CLANG_WARN_DIRECT_OBJC_ISA_USAGE = YES_ERROR;
				CLANG_WARN_DOCUMENTATION_COMMENTS = YES;
				CLANG_WARN_EMPTY_BODY = YES;
				CLANG_WARN_ENUM_CONVERSION = YES;
				CLANG_WARN_INFINITE_RECURSION = YES;
				CLANG_WARN_INT_CONVERSION = YES;
				CLANG_WARN_NON_LITERAL_NULL_CONVERSION = YES;
				CLANG_WARN_OBJC_IMPLICIT_RETAIN_SELF = YES;
				CLANG_WARN_OBJC_LITERAL_CONVERSION = YES;
				CLANG_WARN_OBJC_ROOT_CLASS = YES_ERROR;
				CLANG_WARN_RANGE_LOOP_ANALYSIS = YES;
				CLANG_WARN_STRICT_PROTOTYPES = YES;
				CLANG_WARN_SUSPICIOUS_MOVE = YES;
				CLANG_WARN_UNGUARDED_AVAILABILITY = YES_AGGRESSIVE;
				CLANG_WARN_UNREACHABLE_CODE = YES;
				CLANG_WARN__DUPLICATE_METHOD_MATCH = YES;
				COPY_PHASE_STRIP = NO;
				DEBUG_INFORMATION_FORMAT = "dwarf-with-dsym";
				ENABLE_NS_ASSERTIONS = NO;
				ENABLE_STRICT_OBJC_MSGSEND = YES;
				GCC_C_LANGUAGE_STANDARD = gnu11;
				GCC_NO_COMMON_BLOCKS = YES;
				GCC_WARN_64_TO_32_BIT_CONVERSION = YES;
				GCC_WARN_ABOUT_RETURN_TYPE = YES_ERROR;
				GCC_WARN_UNDECLARED_SELECTOR = YES;
				GCC_WARN_UNINITIALIZED_AUTOS = YES_AGGRESSIVE;
				GCC_WARN_UNUSED_FUNCTION = YES;
				GCC_WARN_UNUSED_VARIABLE = YES;
				IPHONEOS_DEPLOYMENT_TARGET = 13.1;
				MTL_ENABLE_DEBUG_INFO = NO;
				MTL_FAST_MATH = YES;
				SDKROOT = iphoneos;
				SWIFT_COMPILATION_MODE = wholemodule;
				SWIFT_OPTIMIZATION_LEVEL = "-O";
				VALIDATE_PRODUCT = YES;
			};
			name = Release;
		};
		F583B67D236BB44A00B0F749 /* Debug */ = {
			isa = XCBuildConfiguration;
			buildSettings = {
				ASSETCATALOG_COMPILER_APPICON_NAME = AppIcon;
				CODE_SIGN_STYLE = Automatic;
				INFOPLIST_FILE = "普通计算器/Info.plist";
				LD_RUNPATH_SEARCH_PATHS = (
					"$(inherited)",
					"@executable_path/Frameworks",
				);
				PRODUCT_BUNDLE_IDENTIFIER = "edu.imnu.-----";
				PRODUCT_NAME = "$(TARGET_NAME)";
				SWIFT_VERSION = 5.0;
				TARGETED_DEVICE_FAMILY = "1,2";
			};
			name = Debug;
		};
		F583B67E236BB44A00B0F749 /* Release */ = {
			isa = XCBuildConfiguration;
			buildSettings = {
				ASSETCATALOG_COMPILER_APPICON_NAME = AppIcon;
				CODE_SIGN_STYLE = Automatic;
				INFOPLIST_FILE = "普通计算器/Info.plist";
				LD_RUNPATH_SEARCH_PATHS = (
					"$(inherited)",
					"@executable_path/Frameworks",
				);
				PRODUCT_BUNDLE_IDENTIFIER = "edu.imnu.-----";
				PRODUCT_NAME = "$(TARGET_NAME)";
				SWIFT_VERSION = 5.0;
				TARGETED_DEVICE_FAMILY = "1,2";
			};
			name = Release;
		};
		F583B680236BB44A00B0F749 /* Debug */ = {
			isa = XCBuildConfiguration;
			buildSettings = {
				ALWAYS_EMBED_SWIFT_STANDARD_LIBRARIES = YES;
				BUNDLE_LOADER = "$(TEST_HOST)";
				CODE_SIGN_STYLE = Automatic;
				INFOPLIST_FILE = "普通计算器Tests/Info.plist";
				IPHONEOS_DEPLOYMENT_TARGET = 13.1;
				LD_RUNPATH_SEARCH_PATHS = (
					"$(inherited)",
					"@executable_path/Frameworks",
					"@loader_path/Frameworks",
				);
				PRODUCT_BUNDLE_IDENTIFIER = "edu.imnu.-----Tests";
				PRODUCT_NAME = "$(TARGET_NAME)";
				SWIFT_VERSION = 5.0;
				TARGETED_DEVICE_FAMILY = "1,2";
				TEST_HOST = "$(BUILT_PRODUCTS_DIR)/普通计算器.app/普通计算器";
			};
			name = Debug;
		};
		F583B681236BB44A00B0F749 /* Release */ = {
			isa = XCBuildConfiguration;
			buildSettings = {
				ALWAYS_EMBED_SWIFT_STANDARD_LIBRARIES = YES;
				BUNDLE_LOADER = "$(TEST_HOST)";
				CODE_SIGN_STYLE = Automatic;
				INFOPLIST_FILE = "普通计算器Tests/Info.plist";
				IPHONEOS_DEPLOYMENT_TARGET = 13.1;
				LD_RUNPATH_SEARCH_PATHS = (
					"$(inherited)",
					"@executable_path/Frameworks",
					"@loader_path/Frameworks",
				);
				PRODUCT_BUNDLE_IDENTIFIER = "edu.imnu.-----Tests";
				PRODUCT_NAME = "$(TARGET_NAME)";
				SWIFT_VERSION = 5.0;
				TARGETED_DEVICE_FAMILY = "1,2";
				TEST_HOST = "$(BUILT_PRODUCTS_DIR)/普通计算器.app/普通计算器";
			};
			name = Release;
		};
		F583B683236BB44A00B0F749 /* Debug */ = {
			isa = XCBuildConfiguration;
			buildSettings = {
				ALWAYS_EMBED_SWIFT_STANDARD_LIBRARIES = YES;
				CODE_SIGN_STYLE = Automatic;
				INFOPLIST_FILE = "普通计算器UITests/Info.plist";
				LD_RUNPATH_SEARCH_PATHS = (
					"$(inherited)",
					"@executable_path/Frameworks",
					"@loader_path/Frameworks",
				);
				PRODUCT_BUNDLE_IDENTIFIER = "edu.imnu.-----UITests";
				PRODUCT_NAME = "$(TARGET_NAME)";
				SWIFT_VERSION = 5.0;
				TARGETED_DEVICE_FAMILY = "1,2";
				TEST_TARGET_NAME = "普通计算器";
			};
			name = Debug;
		};
		F583B684236BB44A00B0F749 /* Release */ = {
			isa = XCBuildConfiguration;
			buildSettings = {
				ALWAYS_EMBED_SWIFT_STANDARD_LIBRARIES = YES;
				CODE_SIGN_STYLE = Automatic;
				INFOPLIST_FILE = "普通计算器UITests/Info.plist";
				LD_RUNPATH_SEARCH_PATHS = (
					"$(inherited)",
					"@executable_path/Frameworks",
					"@loader_path/Frameworks",
				);
				PRODUCT_BUNDLE_IDENTIFIER = "edu.imnu.-----UITests";
				PRODUCT_NAME = "$(TARGET_NAME)";
				SWIFT_VERSION = 5.0;
				TARGETED_DEVICE_FAMILY = "1,2";
				TEST_TARGET_NAME = "普通计算器";
			};
			name = Release;
		};
/* End XCBuildConfiguration section */

/* Begin XCConfigurationList section */
		F583B64D236BB43E00B0F749 /* Build configuration list for PBXProject "普通计算器" */ = {
			isa = XCConfigurationList;
			buildConfigurations = (
				F583B67A236BB44A00B0F749 /* Debug */,
				F583B67B236BB44A00B0F749 /* Release */,
			);
			defaultConfigurationIsVisible = 0;
			defaultConfigurationName = Release;
		};
		F583B67C236BB44A00B0F749 /* Build configuration list for PBXNativeTarget "普通计算器" */ = {
			isa = XCConfigurationList;
			buildConfigurations = (
				F583B67D236BB44A00B0F749 /* Debug */,
				F583B67E236BB44A00B0F749 /* Release */,
			);
			defaultConfigurationIsVisible = 0;
			defaultConfigurationName = Release;
		};
		F583B67F236BB44A00B0F749 /* Build configuration list for PBXNativeTarget "普通计算器Tests" */ = {
			isa = XCConfigurationList;
			buildConfigurations = (
				F583B680236BB44A00B0F749 /* Debug */,
				F583B681236BB44A00B0F749 /* Release */,
			);
			defaultConfigurationIsVisible = 0;
			defaultConfigurationName = Release;
		};
		F583B682236BB44A00B0F749 /* Build configuration list for PBXNativeTarget "普通计算器UITests" */ = {
			isa = XCConfigurationList;
			buildConfigurations = (
				F583B683236BB44A00B0F749 /* Debug */,
				F583B684236BB44A00B0F749 /* Release */,
			);
			defaultConfigurationIsVisible = 0;
			defaultConfigurationName = Release;
		};
/* End XCConfigurationList section */
	};
	rootObject = F583B64A236BB43E00B0F749 /* Project object */;
}
