// !$*UTF8*$!
{
	archiveVersion = 1;
	classes = {
	};
	objectVersion = 50;
	objects = {

/* Begin PBXBuildFile section */
		D997E6FC235FF500005799D8 /* AppDelegate.swift in Sources */ = {isa = PBXBuildFile; fileRef = D997E6FB235FF500005799D8 /* AppDelegate.swift */; };
		D997E6FE235FF500005799D8 /* ViewController.swift in Sources */ = {isa = PBXBuildFile; fileRef = D997E6FD235FF500005799D8 /* ViewController.swift */; };
		D997E701235FF500005799D8 /* Main.storyboard in Resources */ = {isa = PBXBuildFile; fileRef = D997E6FF235FF500005799D8 /* Main.storyboard */; };
		D997E703235FF502005799D8 /* Assets.xcassets in Resources */ = {isa = PBXBuildFile; fileRef = D997E702235FF502005799D8 /* Assets.xcassets */; };
		D997E706235FF502005799D8 /* LaunchScreen.storyboard in Resources */ = {isa = PBXBuildFile; fileRef = D997E704235FF502005799D8 /* LaunchScreen.storyboard */; };
		D997E711235FF502005799D8 /* app3Tests.swift in Sources */ = {isa = PBXBuildFile; fileRef = D997E710235FF502005799D8 /* app3Tests.swift */; };
		D997E71C235FF502005799D8 /* app3UITests.swift in Sources */ = {isa = PBXBuildFile; fileRef = D997E71B235FF502005799D8 /* app3UITests.swift */; };
/* End PBXBuildFile section */

/* Begin PBXContainerItemProxy section */
		D997E70D235FF502005799D8 /* PBXContainerItemProxy */ = {
			isa = PBXContainerItemProxy;
			containerPortal = D997E6F0235FF500005799D8 /* Project object */;
			proxyType = 1;
			remoteGlobalIDString = D997E6F7235FF500005799D8;
			remoteInfo = app3;
		};
		D997E718235FF502005799D8 /* PBXContainerItemProxy */ = {
			isa = PBXContainerItemProxy;
			containerPortal = D997E6F0235FF500005799D8 /* Project object */;
			proxyType = 1;
			remoteGlobalIDString = D997E6F7235FF500005799D8;
			remoteInfo = app3;
		};
/* End PBXContainerItemProxy section */

/* Begin PBXFileReference section */
		D997E6F8235FF500005799D8 /* app3.app */ = {isa = PBXFileReference; explicitFileType = wrapper.application; includeInIndex = 0; path = app3.app; sourceTree = BUILT_PRODUCTS_DIR; };
		D997E6FB235FF500005799D8 /* AppDelegate.swift */ = {isa = PBXFileReference; lastKnownFileType = sourcecode.swift; path = AppDelegate.swift; sourceTree = "<group>"; };
		D997E6FD235FF500005799D8 /* ViewController.swift */ = {isa = PBXFileReference; lastKnownFileType = sourcecode.swift; path = ViewController.swift; sourceTree = "<group>"; };
		D997E700235FF500005799D8 /* Base */ = {isa = PBXFileReference; lastKnownFileType = file.storyboard; name = Base; path = Base.lproj/Main.storyboard; sourceTree = "<group>"; };
		D997E702235FF502005799D8 /* Assets.xcassets */ = {isa = PBXFileReference; lastKnownFileType = folder.assetcatalog; path = Assets.xcassets; sourceTree = "<group>"; };
		D997E705235FF502005799D8 /* Base */ = {isa = PBXFileReference; lastKnownFileType = file.storyboard; name = Base; path = Base.lproj/LaunchScreen.storyboard; sourceTree = "<group>"; };
		D997E707235FF502005799D8 /* Info.plist */ = {isa = PBXFileReference; lastKnownFileType = text.plist.xml; path = Info.plist; sourceTree = "<group>"; };
		D997E70C235FF502005799D8 /* app3Tests.xctest */ = {isa = PBXFileReference; explicitFileType = wrapper.cfbundle; includeInIndex = 0; path = app3Tests.xctest; sourceTree = BUILT_PRODUCTS_DIR; };
		D997E710235FF502005799D8 /* app3Tests.swift */ = {isa = PBXFileReference; lastKnownFileType = sourcecode.swift; path = app3Tests.swift; sourceTree = "<group>"; };
		D997E712235FF502005799D8 /* Info.plist */ = {isa = PBXFileReference; lastKnownFileType = text.plist.xml; path = Info.plist; sourceTree = "<group>"; };
		D997E717235FF502005799D8 /* app3UITests.xctest */ = {isa = PBXFileReference; explicitFileType = wrapper.cfbundle; includeInIndex = 0; path = app3UITests.xctest; sourceTree = BUILT_PRODUCTS_DIR; };
		D997E71B235FF502005799D8 /* app3UITests.swift */ = {isa = PBXFileReference; lastKnownFileType = sourcecode.swift; path = app3UITests.swift; sourceTree = "<group>"; };
		D997E71D235FF502005799D8 /* Info.plist */ = {isa = PBXFileReference; lastKnownFileType = text.plist.xml; path = Info.plist; sourceTree = "<group>"; };
/* End PBXFileReference section */

/* Begin PBXFrameworksBuildPhase section */
		D997E6F5235FF500005799D8 /* Frameworks */ = {
			isa = PBXFrameworksBuildPhase;
			buildActionMask = 2147483647;
			files = (
			);
			runOnlyForDeploymentPostprocessing = 0;
		};
		D997E709235FF502005799D8 /* Frameworks */ = {
			isa = PBXFrameworksBuildPhase;
			buildActionMask = 2147483647;
			files = (
			);
			runOnlyForDeploymentPostprocessing = 0;
		};
		D997E714235FF502005799D8 /* Frameworks */ = {
			isa = PBXFrameworksBuildPhase;
			buildActionMask = 2147483647;
			files = (
			);
			runOnlyForDeploymentPostprocessing = 0;
		};
/* End PBXFrameworksBuildPhase section */

/* Begin PBXGroup section */
		D997E6EF235FF500005799D8 = {
			isa = PBXGroup;
			children = (
				D997E6FA235FF500005799D8 /* app3 */,
				D997E70F235FF502005799D8 /* app3Tests */,
				D997E71A235FF502005799D8 /* app3UITests */,
				D997E6F9235FF500005799D8 /* Products */,
			);
			sourceTree = "<group>";
		};
		D997E6F9235FF500005799D8 /* Products */ = {
			isa = PBXGroup;
			children = (
				D997E6F8235FF500005799D8 /* app3.app */,
				D997E70C235FF502005799D8 /* app3Tests.xctest */,
				D997E717235FF502005799D8 /* app3UITests.xctest */,
			);
			name = Products;
			sourceTree = "<group>";
		};
		D997E6FA235FF500005799D8 /* app3 */ = {
			isa = PBXGroup;
			children = (
				D997E6FB235FF500005799D8 /* AppDelegate.swift */,
				D997E6FD235FF500005799D8 /* ViewController.swift */,
				D997E6FF235FF500005799D8 /* Main.storyboard */,
				D997E702235FF502005799D8 /* Assets.xcassets */,
				D997E704235FF502005799D8 /* LaunchScreen.storyboard */,
				D997E707235FF502005799D8 /* Info.plist */,
			);
			path = app3;
			sourceTree = "<group>";
		};
		D997E70F235FF502005799D8 /* app3Tests */ = {
			isa = PBXGroup;
			children = (
				D997E710235FF502005799D8 /* app3Tests.swift */,
				D997E712235FF502005799D8 /* Info.plist */,
			);
			path = app3Tests;
			sourceTree = "<group>";
		};
		D997E71A235FF502005799D8 /* app3UITests */ = {
			isa = PBXGroup;
			children = (
				D997E71B235FF502005799D8 /* app3UITests.swift */,
				D997E71D235FF502005799D8 /* Info.plist */,
			);
			path = app3UITests;
			sourceTree = "<group>";
		};
/* End PBXGroup section */

/* Begin PBXNativeTarget section */
		D997E6F7235FF500005799D8 /* app3 */ = {
			isa = PBXNativeTarget;
			buildConfigurationList = D997E720235FF502005799D8 /* Build configuration list for PBXNativeTarget "app3" */;
			buildPhases = (
				D997E6F4235FF500005799D8 /* Sources */,
				D997E6F5235FF500005799D8 /* Frameworks */,
				D997E6F6235FF500005799D8 /* Resources */,
			);
			buildRules = (
			);
			dependencies = (
			);
			name = app3;
			productName = app3;
			productReference = D997E6F8235FF500005799D8 /* app3.app */;
			productType = "com.apple.product-type.application";
		};
		D997E70B235FF502005799D8 /* app3Tests */ = {
			isa = PBXNativeTarget;
			buildConfigurationList = D997E723235FF502005799D8 /* Build configuration list for PBXNativeTarget "app3Tests" */;
			buildPhases = (
				D997E708235FF502005799D8 /* Sources */,
				D997E709235FF502005799D8 /* Frameworks */,
				D997E70A235FF502005799D8 /* Resources */,
			);
			buildRules = (
			);
			dependencies = (
				D997E70E235FF502005799D8 /* PBXTargetDependency */,
			);
			name = app3Tests;
			productName = app3Tests;
			productReference = D997E70C235FF502005799D8 /* app3Tests.xctest */;
			productType = "com.apple.product-type.bundle.unit-test";
		};
		D997E716235FF502005799D8 /* app3UITests */ = {
			isa = PBXNativeTarget;
			buildConfigurationList = D997E726235FF502005799D8 /* Build configuration list for PBXNativeTarget "app3UITests" */;
			buildPhases = (
				D997E713235FF502005799D8 /* Sources */,
				D997E714235FF502005799D8 /* Frameworks */,
				D997E715235FF502005799D8 /* Resources */,
			);
			buildRules = (
			);
			dependencies = (
				D997E719235FF502005799D8 /* PBXTargetDependency */,
			);
			name = app3UITests;
			productName = app3UITests;
			productReference = D997E717235FF502005799D8 /* app3UITests.xctest */;
			productType = "com.apple.product-type.bundle.ui-testing";
		};
/* End PBXNativeTarget section */

/* Begin PBXProject section */
		D997E6F0235FF500005799D8 /* Project object */ = {
			isa = PBXProject;
			attributes = {
				LastSwiftUpdateCheck = 1010;
				LastUpgradeCheck = 1010;
				ORGANIZATIONNAME = s20181105306;
				TargetAttributes = {
					D997E6F7235FF500005799D8 = {
						CreatedOnToolsVersion = 10.1;
					};
					D997E70B235FF502005799D8 = {
						CreatedOnToolsVersion = 10.1;
						TestTargetID = D997E6F7235FF500005799D8;
					};
					D997E716235FF502005799D8 = {
						CreatedOnToolsVersion = 10.1;
						TestTargetID = D997E6F7235FF500005799D8;
					};
				};
			};
			buildConfigurationList = D997E6F3235FF500005799D8 /* Build configuration list for PBXProject "app3" */;
			compatibilityVersion = "Xcode 9.3";
			developmentRegion = en;
			hasScannedForEncodings = 0;
			knownRegions = (
				en,
				Base,
			);
			mainGroup = D997E6EF235FF500005799D8;
			productRefGroup = D997E6F9235FF500005799D8 /* Products */;
			projectDirPath = "";
			projectRoot = "";
			targets = (
				D997E6F7235FF500005799D8 /* app3 */,
				D997E70B235FF502005799D8 /* app3Tests */,
				D997E716235FF502005799D8 /* app3UITests */,
			);
		};
/* End PBXProject section */

/* Begin PBXResourcesBuildPhase section */
		D997E6F6235FF500005799D8 /* Resources */ = {
			isa = PBXResourcesBuildPhase;
			buildActionMask = 2147483647;
			files = (
				D997E706235FF502005799D8 /* LaunchScreen.storyboard in Resources */,
				D997E703235FF502005799D8 /* Assets.xcassets in Resources */,
				D997E701235FF500005799D8 /* Main.storyboard in Resources */,
			);
			runOnlyForDeploymentPostprocessing = 0;
		};
		D997E70A235FF502005799D8 /* Resources */ = {
			isa = PBXResourcesBuildPhase;
			buildActionMask = 2147483647;
			files = (
			);
			runOnlyForDeploymentPostprocessing = 0;
		};
		D997E715235FF502005799D8 /* Resources */ = {
			isa = PBXResourcesBuildPhase;
			buildActionMask = 2147483647;
			files = (
			);
			runOnlyForDeploymentPostprocessing = 0;
		};
/* End PBXResourcesBuildPhase section */

/* Begin PBXSourcesBuildPhase section */
		D997E6F4235FF500005799D8 /* Sources */ = {
			isa = PBXSourcesBuildPhase;
			buildActionMask = 2147483647;
			files = (
				D997E6FE235FF500005799D8 /* ViewController.swift in Sources */,
				D997E6FC235FF500005799D8 /* AppDelegate.swift in Sources */,
			);
			runOnlyForDeploymentPostprocessing = 0;
		};
		D997E708235FF502005799D8 /* Sources */ = {
			isa = PBXSourcesBuildPhase;
			buildActionMask = 2147483647;
			files = (
				D997E711235FF502005799D8 /* app3Tests.swift in Sources */,
			);
			runOnlyForDeploymentPostprocessing = 0;
		};
		D997E713235FF502005799D8 /* Sources */ = {
			isa = PBXSourcesBuildPhase;
			buildActionMask = 2147483647;
			files = (
				D997E71C235FF502005799D8 /* app3UITests.swift in Sources */,
			);
			runOnlyForDeploymentPostprocessing = 0;
		};
/* End PBXSourcesBuildPhase section */

/* Begin PBXTargetDependency section */
		D997E70E235FF502005799D8 /* PBXTargetDependency */ = {
			isa = PBXTargetDependency;
			target = D997E6F7235FF500005799D8 /* app3 */;
			targetProxy = D997E70D235FF502005799D8 /* PBXContainerItemProxy */;
		};
		D997E719235FF502005799D8 /* PBXTargetDependency */ = {
			isa = PBXTargetDependency;
			target = D997E6F7235FF500005799D8 /* app3 */;
			targetProxy = D997E718235FF502005799D8 /* PBXContainerItemProxy */;
		};
/* End PBXTargetDependency section */

/* Begin PBXVariantGroup section */
		D997E6FF235FF500005799D8 /* Main.storyboard */ = {
			isa = PBXVariantGroup;
			children = (
				D997E700235FF500005799D8 /* Base */,
			);
			name = Main.storyboard;
			sourceTree = "<group>";
		};
		D997E704235FF502005799D8 /* LaunchScreen.storyboard */ = {
			isa = PBXVariantGroup;
			children = (
				D997E705235FF502005799D8 /* Base */,
			);
			name = LaunchScreen.storyboard;
			sourceTree = "<group>";
		};
/* End PBXVariantGroup section */

/* Begin XCBuildConfiguration section */
		D997E71E235FF502005799D8 /* Debug */ = {
			isa = XCBuildConfiguration;
			buildSettings = {
				ALWAYS_SEARCH_USER_PATHS = NO;
				CLANG_ANALYZER_NONNULL = YES;
				CLANG_ANALYZER_NUMBER_OBJECT_CONVERSION = YES_AGGRESSIVE;
				CLANG_CXX_LANGUAGE_STANDARD = "gnu++14";
				CLANG_CXX_LIBRARY = "libc++";
				CLANG_ENABLE_MODULES = YES;
				CLANG_ENABLE_OBJC_ARC = YES;
				CLANG_ENABLE_OBJC_WEAK = YES;
				CLANG_WARN_BLOCK_CAPTURE_AUTORELEASING = YES;
				CLANG_WARN_BOOL_CONVERSION = YES;
				CLANG_WARN_COMMA = YES;
				CLANG_WARN_CONSTANT_CONVERSION = YES;
				CLANG_WARN_DEPRECATED_OBJC_IMPLEMENTATIONS = YES;
				CLANG_WARN_DIRECT_OBJC_ISA_USAGE = YES_ERROR;
				CLANG_WARN_DOCUMENTATION_COMMENTS = YES;
				CLANG_WARN_EMPTY_BODY = YES;
				CLANG_WARN_ENUM_CONVERSION = YES;
				CLANG_WARN_INFINITE_RECURSION = YES;
				CLANG_WARN_INT_CONVERSION = YES;
				CLANG_WARN_NON_LITERAL_NULL_CONVERSION = YES;
				CLANG_WARN_OBJC_IMPLICIT_RETAIN_SELF = YES;
				CLANG_WARN_OBJC_LITERAL_CONVERSION = YES;
				CLANG_WARN_OBJC_ROOT_CLASS = YES_ERROR;
				CLANG_WARN_RANGE_LOOP_ANALYSIS = YES;
				CLANG_WARN_STRICT_PROTOTYPES = YES;
				CLANG_WARN_SUSPICIOUS_MOVE = YES;
				CLANG_WARN_UNGUARDED_AVAILABILITY = YES_AGGRESSIVE;
				CLANG_WARN_UNREACHABLE_CODE = YES;
				CLANG_WARN__DUPLICATE_METHOD_MATCH = YES;
				CODE_SIGN_IDENTITY = "iPhone Developer";
				COPY_PHASE_STRIP = NO;
				DEBUG_INFORMATION_FORMAT = dwarf;
				ENABLE_STRICT_OBJC_MSGSEND = YES;
				ENABLE_TESTABILITY = YES;
				GCC_C_LANGUAGE_STANDARD = gnu11;
				GCC_DYNAMIC_NO_PIC = NO;
				GCC_NO_COMMON_BLOCKS = YES;
				GCC_OPTIMIZATION_LEVEL = 0;
				GCC_PREPROCESSOR_DEFINITIONS = (
					"DEBUG=1",
					"$(inherited)",
				);
				GCC_WARN_64_TO_32_BIT_CONVERSION = YES;
				GCC_WARN_ABOUT_RETURN_TYPE = YES_ERROR;
				GCC_WARN_UNDECLARED_SELECTOR = YES;
				GCC_WARN_UNINITIALIZED_AUTOS = YES_AGGRESSIVE;
				GCC_WARN_UNUSED_FUNCTION = YES;
				GCC_WARN_UNUSED_VARIABLE = YES;
				IPHONEOS_DEPLOYMENT_TARGET = 12.1;
				MTL_ENABLE_DEBUG_INFO = INCLUDE_SOURCE;
				MTL_FAST_MATH = YES;
				ONLY_ACTIVE_ARCH = YES;
				SDKROOT = iphoneos;
				SWIFT_ACTIVE_COMPILATION_CONDITIONS = DEBUG;
				SWIFT_OPTIMIZATION_LEVEL = "-Onone";
			};
			name = Debug;
		};
		D997E71F235FF502005799D8 /* Release */ = {
			isa = XCBuildConfiguration;
			buildSettings = {
				ALWAYS_SEARCH_USER_PATHS = NO;
				CLANG_ANALYZER_NONNULL = YES;
				CLANG_ANALYZER_NUMBER_OBJECT_CONVERSION = YES_AGGRESSIVE;
				CLANG_CXX_LANGUAGE_STANDARD = "gnu++14";
				CLANG_CXX_LIBRARY = "libc++";
				CLANG_ENABLE_MODULES = YES;
				CLANG_ENABLE_OBJC_ARC = YES;
				CLANG_ENABLE_OBJC_WEAK = YES;
				CLANG_WARN_BLOCK_CAPTURE_AUTORELEASING = YES;
				CLANG_WARN_BOOL_CONVERSION = YES;
				CLANG_WARN_COMMA = YES;
				CLANG_WARN_CONSTANT_CONVERSION = YES;
				CLANG_WARN_DEPRECATED_OBJC_IMPLEMENTATIONS = YES;
				CLANG_WARN_DIRECT_OBJC_ISA_USAGE = YES_ERROR;
				CLANG_WARN_DOCUMENTATION_COMMENTS = YES;
				CLANG_WARN_EMPTY_BODY = YES;
				CLANG_WARN_ENUM_CONVERSION = YES;
				CLANG_WARN_INFINITE_RECURSION = YES;
				CLANG_WARN_INT_CONVERSION = YES;
				CLANG_WARN_NON_LITERAL_NULL_CONVERSION = YES;
				CLANG_WARN_OBJC_IMPLICIT_RETAIN_SELF = YES;
				CLANG_WARN_OBJC_LITERAL_CONVERSION = YES;
				CLANG_WARN_OBJC_ROOT_CLASS = YES_ERROR;
				CLANG_WARN_RANGE_LOOP_ANALYSIS = YES;
				CLANG_WARN_STRICT_PROTOTYPES = YES;
				CLANG_WARN_SUSPICIOUS_MOVE = YES;
				CLANG_WARN_UNGUARDED_AVAILABILITY = YES_AGGRESSIVE;
				CLANG_WARN_UNREACHABLE_CODE = YES;
				CLANG_WARN__DUPLICATE_METHOD_MATCH = YES;
				CODE_SIGN_IDENTITY = "iPhone Developer";
				COPY_PHASE_STRIP = NO;
				DEBUG_INFORMATION_FORMAT = "dwarf-with-dsym";
				ENABLE_NS_ASSERTIONS = NO;
				ENABLE_STRICT_OBJC_MSGSEND = YES;
				GCC_C_LANGUAGE_STANDARD = gnu11;
				GCC_NO_COMMON_BLOCKS = YES;
				GCC_WARN_64_TO_32_BIT_CONVERSION = YES;
				GCC_WARN_ABOUT_RETURN_TYPE = YES_ERROR;
				GCC_WARN_UNDECLARED_SELECTOR = YES;
				GCC_WARN_UNINITIALIZED_AUTOS = YES_AGGRESSIVE;
				GCC_WARN_UNUSED_FUNCTION = YES;
				GCC_WARN_UNUSED_VARIABLE = YES;
				IPHONEOS_DEPLOYMENT_TARGET = 12.1;
				MTL_ENABLE_DEBUG_INFO = NO;
				MTL_FAST_MATH = YES;
				SDKROOT = iphoneos;
				SWIFT_COMPILATION_MODE = wholemodule;
				SWIFT_OPTIMIZATION_LEVEL = "-O";
				VALIDATE_PRODUCT = YES;
			};
			name = Release;
		};
		D997E721235FF502005799D8 /* Debug */ = {
			isa = XCBuildConfiguration;
			buildSettings = {
				ASSETCATALOG_COMPILER_APPICON_NAME = AppIcon;
				CODE_SIGN_STYLE = Automatic;
				INFOPLIST_FILE = app3/Info.plist;
				LD_RUNPATH_SEARCH_PATHS = (
					"$(inherited)",
					"@executable_path/Frameworks",
				);
				PRODUCT_BUNDLE_IDENTIFIER = cn.edu.imnu.app3;
				PRODUCT_NAME = "$(TARGET_NAME)";
				SWIFT_VERSION = 4.2;
				TARGETED_DEVICE_FAMILY = "1,2";
			};
			name = Debug;
		};
		D997E722235FF502005799D8 /* Release */ = {
			isa = XCBuildConfiguration;
			buildSettings = {
				ASSETCATALOG_COMPILER_APPICON_NAME = AppIcon;
				CODE_SIGN_STYLE = Automatic;
				INFOPLIST_FILE = app3/Info.plist;
				LD_RUNPATH_SEARCH_PATHS = (
					"$(inherited)",
					"@executable_path/Frameworks",
				);
				PRODUCT_BUNDLE_IDENTIFIER = cn.edu.imnu.app3;
				PRODUCT_NAME = "$(TARGET_NAME)";
				SWIFT_VERSION = 4.2;
				TARGETED_DEVICE_FAMILY = "1,2";
			};
			name = Release;
		};
		D997E724235FF502005799D8 /* Debug */ = {
			isa = XCBuildConfiguration;
			buildSettings = {
				ALWAYS_EMBED_SWIFT_STANDARD_LIBRARIES = YES;
				BUNDLE_LOADER = "$(TEST_HOST)";
				CODE_SIGN_STYLE = Automatic;
				INFOPLIST_FILE = app3Tests/Info.plist;
				LD_RUNPATH_SEARCH_PATHS = (
					"$(inherited)",
					"@executable_path/Frameworks",
					"@loader_path/Frameworks",
				);
				PRODUCT_BUNDLE_IDENTIFIER = cn.edu.imnu.app3Tests;
				PRODUCT_NAME = "$(TARGET_NAME)";
				SWIFT_VERSION = 4.2;
				TARGETED_DEVICE_FAMILY = "1,2";
				TEST_HOST = "$(BUILT_PRODUCTS_DIR)/app3.app/app3";
			};
			name = Debug;
		};
		D997E725235FF502005799D8 /* Release */ = {
			isa = XCBuildConfiguration;
			buildSettings = {
				ALWAYS_EMBED_SWIFT_STANDARD_LIBRARIES = YES;
				BUNDLE_LOADER = "$(TEST_HOST)";
				CODE_SIGN_STYLE = Automatic;
				INFOPLIST_FILE = app3Tests/Info.plist;
				LD_RUNPATH_SEARCH_PATHS = (
					"$(inherited)",
					"@executable_path/Frameworks",
					"@loader_path/Frameworks",
				);
				PRODUCT_BUNDLE_IDENTIFIER = cn.edu.imnu.app3Tests;
				PRODUCT_NAME = "$(TARGET_NAME)";
				SWIFT_VERSION = 4.2;
				TARGETED_DEVICE_FAMILY = "1,2";
				TEST_HOST = "$(BUILT_PRODUCTS_DIR)/app3.app/app3";
			};
			name = Release;
		};
		D997E727235FF502005799D8 /* Debug */ = {
			isa = XCBuildConfiguration;
			buildSettings = {
				ALWAYS_EMBED_SWIFT_STANDARD_LIBRARIES = YES;
				CODE_SIGN_STYLE = Automatic;
				INFOPLIST_FILE = app3UITests/Info.plist;
				LD_RUNPATH_SEARCH_PATHS = (
					"$(inherited)",
					"@executable_path/Frameworks",
					"@loader_path/Frameworks",
				);
				PRODUCT_BUNDLE_IDENTIFIER = cn.edu.imnu.app3UITests;
				PRODUCT_NAME = "$(TARGET_NAME)";
				SWIFT_VERSION = 4.2;
				TARGETED_DEVICE_FAMILY = "1,2";
				TEST_TARGET_NAME = app3;
			};
			name = Debug;
		};
		D997E728235FF502005799D8 /* Release */ = {
			isa = XCBuildConfiguration;
			buildSettings = {
				ALWAYS_EMBED_SWIFT_STANDARD_LIBRARIES = YES;
				CODE_SIGN_STYLE = Automatic;
				INFOPLIST_FILE = app3UITests/Info.plist;
				LD_RUNPATH_SEARCH_PATHS = (
					"$(inherited)",
					"@executable_path/Frameworks",
					"@loader_path/Frameworks",
				);
				PRODUCT_BUNDLE_IDENTIFIER = cn.edu.imnu.app3UITests;
				PRODUCT_NAME = "$(TARGET_NAME)";
				SWIFT_VERSION = 4.2;
				TARGETED_DEVICE_FAMILY = "1,2";
				TEST_TARGET_NAME = app3;
			};
			name = Release;
		};
/* End XCBuildConfiguration section */

/* Begin XCConfigurationList section */
		D997E6F3235FF500005799D8 /* Build configuration list for PBXProject "app3" */ = {
			isa = XCConfigurationList;
			buildConfigurations = (
				D997E71E235FF502005799D8 /* Debug */,
				D997E71F235FF502005799D8 /* Release */,
			);
			defaultConfigurationIsVisible = 0;
			defaultConfigurationName = Release;
		};
		D997E720235FF502005799D8 /* Build configuration list for PBXNativeTarget "app3" */ = {
			isa = XCConfigurationList;
			buildConfigurations = (
				D997E721235FF502005799D8 /* Debug */,
				D997E722235FF502005799D8 /* Release */,
			);
			defaultConfigurationIsVisible = 0;
			defaultConfigurationName = Release;
		};
		D997E723235FF502005799D8 /* Build configuration list for PBXNativeTarget "app3Tests" */ = {
			isa = XCConfigurationList;
			buildConfigurations = (
				D997E724235FF502005799D8 /* Debug */,
				D997E725235FF502005799D8 /* Release */,
			);
			defaultConfigurationIsVisible = 0;
			defaultConfigurationName = Release;
		};
		D997E726235FF502005799D8 /* Build configuration list for PBXNativeTarget "app3UITests" */ = {
			isa = XCConfigurationList;
			buildConfigurations = (
				D997E727235FF502005799D8 /* Debug */,
				D997E728235FF502005799D8 /* Release */,
			);
			defaultConfigurationIsVisible = 0;
			defaultConfigurationName = Release;
		};
/* End XCConfigurationList section */
	};
	rootObject = D997E6F0235FF500005799D8 /* Project object */;
}
